// !$*UTF8*$!
{
	archiveVersion = 1;
	classes = {
	};
	objectVersion = 46;
	objects = {

/* Begin PBXBuildFile section */
		D64F1D481F1D9E4200EE07B4 /* AppDelegate.swift in Sources */ = {isa = PBXBuildFile; fileRef = D64F1D471F1D9E4200EE07B4 /* AppDelegate.swift */; };
		D64F1D4A1F1D9E4200EE07B4 /* ViewController.swift in Sources */ = {isa = PBXBuildFile; fileRef = D64F1D491F1D9E4200EE07B4 /* ViewController.swift */; };
		D64F1D4D1F1D9E4200EE07B4 /* Main.storyboard in Resources */ = {isa = PBXBuildFile; fileRef = D64F1D4B1F1D9E4200EE07B4 /* Main.storyboard */; };
		D64F1D4F1F1D9E4200EE07B4 /* Assets.xcassets in Resources */ = {isa = PBXBuildFile; fileRef = D64F1D4E1F1D9E4200EE07B4 /* Assets.xcassets */; };
		D64F1D521F1D9E4200EE07B4 /* LaunchScreen.storyboard in Resources */ = {isa = PBXBuildFile; fileRef = D64F1D501F1D9E4200EE07B4 /* LaunchScreen.storyboard */; };
		D64F1D5D1F1D9E4200EE07B4 /* ButtonLayoutDemoTests.swift in Sources */ = {isa = PBXBuildFile; fileRef = D64F1D5C1F1D9E4200EE07B4 /* ButtonLayoutDemoTests.swift */; };
		D64F1D681F1D9E4200EE07B4 /* ButtonLayoutDemoUITests.swift in Sources */ = {isa = PBXBuildFile; fileRef = D64F1D671F1D9E4200EE07B4 /* ButtonLayoutDemoUITests.swift */; };
		D64F1D771F1D9E8000EE07B4 /* FZHButtonLayout.swift in Sources */ = {isa = PBXBuildFile; fileRef = D64F1D761F1D9E8000EE07B4 /* FZHButtonLayout.swift */; };
/* End PBXBuildFile section */

/* Begin PBXContainerItemProxy section */
		D64F1D591F1D9E4200EE07B4 /* PBXContainerItemProxy */ = {
			isa = PBXContainerItemProxy;
			containerPortal = D64F1D3C1F1D9E4200EE07B4 /* Project object */;
			proxyType = 1;
			remoteGlobalIDString = D64F1D431F1D9E4200EE07B4;
			remoteInfo = ButtonLayoutDemo;
		};
		D64F1D641F1D9E4200EE07B4 /* PBXContainerItemProxy */ = {
			isa = PBXContainerItemProxy;
			containerPortal = D64F1D3C1F1D9E4200EE07B4 /* Project object */;
			proxyType = 1;
			remoteGlobalIDString = D64F1D431F1D9E4200EE07B4;
			remoteInfo = ButtonLayoutDemo;
		};
/* End PBXContainerItemProxy section */

/* Begin PBXFileReference section */
		D64F1D441F1D9E4200EE07B4 /* ButtonLayoutDemo.app */ = {isa = PBXFileReference; explicitFileType = wrapper.application; includeInIndex = 0; path = ButtonLayoutDemo.app; sourceTree = BUILT_PRODUCTS_DIR; };
		D64F1D471F1D9E4200EE07B4 /* AppDelegate.swift */ = {isa = PBXFileReference; lastKnownFileType = sourcecode.swift; path = AppDelegate.swift; sourceTree = "<group>"; };
		D64F1D491F1D9E4200EE07B4 /* ViewController.swift */ = {isa = PBXFileReference; lastKnownFileType = sourcecode.swift; path = ViewController.swift; sourceTree = "<group>"; };
		D64F1D4C1F1D9E4200EE07B4 /* Base */ = {isa = PBXFileReference; lastKnownFileType = file.storyboard; name = Base; path = Base.lproj/Main.storyboard; sourceTree = "<group>"; };
		D64F1D4E1F1D9E4200EE07B4 /* Assets.xcassets */ = {isa = PBXFileReference; lastKnownFileType = folder.assetcatalog; path = Assets.xcassets; sourceTree = "<group>"; };
		D64F1D511F1D9E4200EE07B4 /* Base */ = {isa = PBXFileReference; lastKnownFileType = file.storyboard; name = Base; path = Base.lproj/LaunchScreen.storyboard; sourceTree = "<group>"; };
		D64F1D531F1D9E4200EE07B4 /* Info.plist */ = {isa = PBXFileReference; lastKnownFileType = text.plist.xml; path = Info.plist; sourceTree = "<group>"; };
		D64F1D581F1D9E4200EE07B4 /* ButtonLayoutDemoTests.xctest */ = {isa = PBXFileReference; explicitFileType = wrapper.cfbundle; includeInIndex = 0; path = ButtonLayoutDemoTests.xctest; sourceTree = BUILT_PRODUCTS_DIR; };
		D64F1D5C1F1D9E4200EE07B4 /* ButtonLayoutDemoTests.swift */ = {isa = PBXFileReference; lastKnownFileType = sourcecode.swift; path = ButtonLayoutDemoTests.swift; sourceTree = "<group>"; };
		D64F1D5E1F1D9E4200EE07B4 /* Info.plist */ = {isa = PBXFileReference; lastKnownFileType = text.plist.xml; path = Info.plist; sourceTree = "<group>"; };
		D64F1D631F1D9E4200EE07B4 /* ButtonLayoutDemoUITests.xctest */ = {isa = PBXFileReference; explicitFileType = wrapper.cfbundle; includeInIndex = 0; path = ButtonLayoutDemoUITests.xctest; sourceTree = BUILT_PRODUCTS_DIR; };
		D64F1D671F1D9E4200EE07B4 /* ButtonLayoutDemoUITests.swift */ = {isa = PBXFileReference; lastKnownFileType = sourcecode.swift; path = ButtonLayoutDemoUITests.swift; sourceTree = "<group>"; };
		D64F1D691F1D9E4200EE07B4 /* Info.plist */ = {isa = PBXFileReference; lastKnownFileType = text.plist.xml; path = Info.plist; sourceTree = "<group>"; };
		D64F1D761F1D9E8000EE07B4 /* FZHButtonLayout.swift */ = {isa = PBXFileReference; fileEncoding = 4; lastKnownFileType = sourcecode.swift; name = FZHButtonLayout.swift; path = FZHButtonLayout/FZHButtonLayout.swift; sourceTree = "<group>"; };
/* End PBXFileReference section */

/* Begin PBXFrameworksBuildPhase section */
		D64F1D411F1D9E4200EE07B4 /* Frameworks */ = {
			isa = PBXFrameworksBuildPhase;
			buildActionMask = 2147483647;
			files = (
			);
			runOnlyForDeploymentPostprocessing = 0;
		};
		D64F1D551F1D9E4200EE07B4 /* Frameworks */ = {
			isa = PBXFrameworksBuildPhase;
			buildActionMask = 2147483647;
			files = (
			);
			runOnlyForDeploymentPostprocessing = 0;
		};
		D64F1D601F1D9E4200EE07B4 /* Frameworks */ = {
			isa = PBXFrameworksBuildPhase;
			buildActionMask = 2147483647;
			files = (
			);
			runOnlyForDeploymentPostprocessing = 0;
		};
/* End PBXFrameworksBuildPhase section */

/* Begin PBXGroup section */
		D64F1D3B1F1D9E4200EE07B4 = {
			isa = PBXGroup;
			children = (
				D64F1D461F1D9E4200EE07B4 /* ButtonLayoutDemo */,
				D64F1D5B1F1D9E4200EE07B4 /* ButtonLayoutDemoTests */,
				D64F1D661F1D9E4200EE07B4 /* ButtonLayoutDemoUITests */,
				D64F1D451F1D9E4200EE07B4 /* Products */,
			);
			sourceTree = "<group>";
		};
		D64F1D451F1D9E4200EE07B4 /* Products */ = {
			isa = PBXGroup;
			children = (
				D64F1D441F1D9E4200EE07B4 /* ButtonLayoutDemo.app */,
				D64F1D581F1D9E4200EE07B4 /* ButtonLayoutDemoTests.xctest */,
				D64F1D631F1D9E4200EE07B4 /* ButtonLayoutDemoUITests.xctest */,
			);
			name = Products;
			sourceTree = "<group>";
		};
		D64F1D461F1D9E4200EE07B4 /* ButtonLayoutDemo */ = {
			isa = PBXGroup;
			children = (
				D64F1D751F1D9E5100EE07B4 /* FZHButtonLayout */,
				D64F1D471F1D9E4200EE07B4 /* AppDelegate.swift */,
				D64F1D491F1D9E4200EE07B4 /* ViewController.swift */,
				D64F1D4B1F1D9E4200EE07B4 /* Main.storyboard */,
				D64F1D4E1F1D9E4200EE07B4 /* Assets.xcassets */,
				D64F1D501F1D9E4200EE07B4 /* LaunchScreen.storyboard */,
				D64F1D531F1D9E4200EE07B4 /* Info.plist */,
			);
			path = ButtonLayoutDemo;
			sourceTree = "<group>";
		};
		D64F1D5B1F1D9E4200EE07B4 /* ButtonLayoutDemoTests */ = {
			isa = PBXGroup;
			children = (
				D64F1D5C1F1D9E4200EE07B4 /* ButtonLayoutDemoTests.swift */,
				D64F1D5E1F1D9E4200EE07B4 /* Info.plist */,
			);
			path = ButtonLayoutDemoTests;
			sourceTree = "<group>";
		};
		D64F1D661F1D9E4200EE07B4 /* ButtonLayoutDemoUITests */ = {
			isa = PBXGroup;
			children = (
				D64F1D671F1D9E4200EE07B4 /* ButtonLayoutDemoUITests.swift */,
				D64F1D691F1D9E4200EE07B4 /* Info.plist */,
			);
			path = ButtonLayoutDemoUITests;
			sourceTree = "<group>";
		};
		D64F1D751F1D9E5100EE07B4 /* FZHButtonLayout */ = {
			isa = PBXGroup;
			children = (
				D64F1D761F1D9E8000EE07B4 /* FZHButtonLayout.swift */,
			);
			name = FZHButtonLayout;
			sourceTree = "<group>";
		};
/* End PBXGroup section */

/* Begin PBXNativeTarget section */
		D64F1D431F1D9E4200EE07B4 /* ButtonLayoutDemo */ = {
			isa = PBXNativeTarget;
			buildConfigurationList = D64F1D6C1F1D9E4200EE07B4 /* Build configuration list for PBXNativeTarget "ButtonLayoutDemo" */;
			buildPhases = (
				D64F1D401F1D9E4200EE07B4 /* Sources */,
				D64F1D411F1D9E4200EE07B4 /* Frameworks */,
				D64F1D421F1D9E4200EE07B4 /* Resources */,
			);
			buildRules = (
			);
			dependencies = (
			);
			name = ButtonLayoutDemo;
			productName = ButtonLayoutDemo;
			productReference = D64F1D441F1D9E4200EE07B4 /* ButtonLayoutDemo.app */;
			productType = "com.apple.product-type.application";
		};
		D64F1D571F1D9E4200EE07B4 /* ButtonLayoutDemoTests */ = {
			isa = PBXNativeTarget;
			buildConfigurationList = D64F1D6F1F1D9E4200EE07B4 /* Build configuration list for PBXNativeTarget "ButtonLayoutDemoTests" */;
			buildPhases = (
				D64F1D541F1D9E4200EE07B4 /* Sources */,
				D64F1D551F1D9E4200EE07B4 /* Frameworks */,
				D64F1D561F1D9E4200EE07B4 /* Resources */,
			);
			buildRules = (
			);
			dependencies = (
				D64F1D5A1F1D9E4200EE07B4 /* PBXTargetDependency */,
			);
			name = ButtonLayoutDemoTests;
			productName = ButtonLayoutDemoTests;
			productReference = D64F1D581F1D9E4200EE07B4 /* ButtonLayoutDemoTests.xctest */;
			productType = "com.apple.product-type.bundle.unit-test";
		};
		D64F1D621F1D9E4200EE07B4 /* ButtonLayoutDemoUITests */ = {
			isa = PBXNativeTarget;
			buildConfigurationList = D64F1D721F1D9E4200EE07B4 /* Build configuration list for PBXNativeTarget "ButtonLayoutDemoUITests" */;
			buildPhases = (
				D64F1D5F1F1D9E4200EE07B4 /* Sources */,
				D64F1D601F1D9E4200EE07B4 /* Frameworks */,
				D64F1D611F1D9E4200EE07B4 /* Resources */,
			);
			buildRules = (
			);
			dependencies = (
				D64F1D651F1D9E4200EE07B4 /* PBXTargetDependency */,
			);
			name = ButtonLayoutDemoUITests;
			productName = ButtonLayoutDemoUITests;
			productReference = D64F1D631F1D9E4200EE07B4 /* ButtonLayoutDemoUITests.xctest */;
			productType = "com.apple.product-type.bundle.ui-testing";
		};
/* End PBXNativeTarget section */

/* Begin PBXProject section */
		D64F1D3C1F1D9E4200EE07B4 /* Project object */ = {
			isa = PBXProject;
			attributes = {
				LastSwiftUpdateCheck = 0830;
				LastUpgradeCheck = 0830;
				ORGANIZATIONNAME = "冯志浩";
				TargetAttributes = {
					D64F1D431F1D9E4200EE07B4 = {
						CreatedOnToolsVersion = 8.3.3;
						DevelopmentTeam = 93J5P3W89X;
						ProvisioningStyle = Automatic;
					};
					D64F1D571F1D9E4200EE07B4 = {
						CreatedOnToolsVersion = 8.3.3;
						DevelopmentTeam = 93J5P3W89X;
						ProvisioningStyle = Automatic;
						TestTargetID = D64F1D431F1D9E4200EE07B4;
					};
					D64F1D621F1D9E4200EE07B4 = {
						CreatedOnToolsVersion = 8.3.3;
						DevelopmentTeam = 93J5P3W89X;
						ProvisioningStyle = Automatic;
						TestTargetID = D64F1D431F1D9E4200EE07B4;
					};
				};
			};
			buildConfigurationList = D64F1D3F1F1D9E4200EE07B4 /* Build configuration list for PBXProject "ButtonLayoutDemo" */;
			compatibilityVersion = "Xcode 3.2";
			developmentRegion = English;
			hasScannedForEncodings = 0;
			knownRegions = (
				en,
				Base,
			);
			mainGroup = D64F1D3B1F1D9E4200EE07B4;
			productRefGroup = D64F1D451F1D9E4200EE07B4 /* Products */;
			projectDirPath = "";
			projectRoot = "";
			targets = (
				D64F1D431F1D9E4200EE07B4 /* ButtonLayoutDemo */,
				D64F1D571F1D9E4200EE07B4 /* ButtonLayoutDemoTests */,
				D64F1D621F1D9E4200EE07B4 /* ButtonLayoutDemoUITests */,
			);
		};
/* End PBXProject section */

/* Begin PBXResourcesBuildPhase section */
		D64F1D421F1D9E4200EE07B4 /* Resources */ = {
			isa = PBXResourcesBuildPhase;
			buildActionMask = 2147483647;
			files = (
				D64F1D521F1D9E4200EE07B4 /* LaunchScreen.storyboard in Resources */,
				D64F1D4F1F1D9E4200EE07B4 /* Assets.xcassets in Resources */,
				D64F1D4D1F1D9E4200EE07B4 /* Main.storyboard in Resources */,
			);
			runOnlyForDeploymentPostprocessing = 0;
		};
		D64F1D561F1D9E4200EE07B4 /* Resources */ = {
			isa = PBXResourcesBuildPhase;
			buildActionMask = 2147483647;
			files = (
			);
			runOnlyForDeploymentPostprocessing = 0;
		};
		D64F1D611F1D9E4200EE07B4 /* Resources */ = {
			isa = PBXResourcesBuildPhase;
			buildActionMask = 2147483647;
			files = (
			);
			runOnlyForDeploymentPostprocessing = 0;
		};
/* End PBXResourcesBuildPhase section */

/* Begin PBXSourcesBuildPhase section */
		D64F1D401F1D9E4200EE07B4 /* Sources */ = {
			isa = PBXSourcesBuildPhase;
			buildActionMask = 2147483647;
			files = (
				D64F1D4A1F1D9E4200EE07B4 /* ViewController.swift in Sources */,
				D64F1D481F1D9E4200EE07B4 /* AppDelegate.swift in Sources */,
				D64F1D771F1D9E8000EE07B4 /* FZHButtonLayout.swift in Sources */,
			);
			runOnlyForDeploymentPostprocessing = 0;
		};
		D64F1D541F1D9E4200EE07B4 /* Sources */ = {
			isa = PBXSourcesBuildPhase;
			buildActionMask = 2147483647;
			files = (
				D64F1D5D1F1D9E4200EE07B4 /* ButtonLayoutDemoTests.swift in Sources */,
			);
			runOnlyForDeploymentPostprocessing = 0;
		};
		D64F1D5F1F1D9E4200EE07B4 /* Sources */ = {
			isa = PBXSourcesBuildPhase;
			buildActionMask = 2147483647;
			files = (
				D64F1D681F1D9E4200EE07B4 /* ButtonLayoutDemoUITests.swift in Sources */,
			);
			runOnlyForDeploymentPostprocessing = 0;
		};
/* End PBXSourcesBuildPhase section */

/* Begin PBXTargetDependency section */
		D64F1D5A1F1D9E4200EE07B4 /* PBXTargetDependency */ = {
			isa = PBXTargetDependency;
			target = D64F1D431F1D9E4200EE07B4 /* ButtonLayoutDemo */;
			targetProxy = D64F1D591F1D9E4200EE07B4 /* PBXContainerItemProxy */;
		};
		D64F1D651F1D9E4200EE07B4 /* PBXTargetDependency */ = {
			isa = PBXTargetDependency;
			target = D64F1D431F1D9E4200EE07B4 /* ButtonLayoutDemo */;
			targetProxy = D64F1D641F1D9E4200EE07B4 /* PBXContainerItemProxy */;
		};
/* End PBXTargetDependency section */

/* Begin PBXVariantGroup section */
		D64F1D4B1F1D9E4200EE07B4 /* Main.storyboard */ = {
			isa = PBXVariantGroup;
			children = (
				D64F1D4C1F1D9E4200EE07B4 /* Base */,
			);
			name = Main.storyboard;
			sourceTree = "<group>";
		};
		D64F1D501F1D9E4200EE07B4 /* LaunchScreen.storyboard */ = {
			isa = PBXVariantGroup;
			children = (
				D64F1D511F1D9E4200EE07B4 /* Base */,
			);
			name = LaunchScreen.storyboard;
			sourceTree = "<group>";
		};
/* End PBXVariantGroup section */

/* Begin XCBuildConfiguration section */
		D64F1D6A1F1D9E4200EE07B4 /* Debug */ = {
			isa = XCBuildConfiguration;
			buildSettings = {
				ALWAYS_SEARCH_USER_PATHS = NO;
				CLANG_ANALYZER_NONNULL = YES;
				CLANG_ANALYZER_NUMBER_OBJECT_CONVERSION = YES_AGGRESSIVE;
				CLANG_CXX_LANGUAGE_STANDARD = "gnu++0x";
				CLANG_CXX_LIBRARY = "libc++";
				CLANG_ENABLE_MODULES = YES;
				CLANG_ENABLE_OBJC_ARC = YES;
				CLANG_WARN_BOOL_CONVERSION = YES;
				CLANG_WARN_CONSTANT_CONVERSION = YES;
				CLANG_WARN_DIRECT_OBJC_ISA_USAGE = YES_ERROR;
				CLANG_WARN_DOCUMENTATION_COMMENTS = YES;
				CLANG_WARN_EMPTY_BODY = YES;
				CLANG_WARN_ENUM_CONVERSION = YES;
				CLANG_WARN_INFINITE_RECURSION = YES;
				CLANG_WARN_INT_CONVERSION = YES;
				CLANG_WARN_OBJC_ROOT_CLASS = YES_ERROR;
				CLANG_WARN_SUSPICIOUS_MOVE = YES;
				CLANG_WARN_UNREACHABLE_CODE = YES;
				CLANG_WARN__DUPLICATE_METHOD_MATCH = YES;
				"CODE_SIGN_IDENTITY[sdk=iphoneos*]" = "iPhone Developer";
				COPY_PHASE_STRIP = NO;
				DEBUG_INFORMATION_FORMAT = dwarf;
				ENABLE_STRICT_OBJC_MSGSEND = YES;
				ENABLE_TESTABILITY = YES;
				GCC_C_LANGUAGE_STANDARD = gnu99;
				GCC_DYNAMIC_NO_PIC = NO;
				GCC_NO_COMMON_BLOCKS = YES;
				GCC_OPTIMIZATION_LEVEL = 0;
				GCC_PREPROCESSOR_DEFINITIONS = (
					"DEBUG=1",
					"$(inherited)",
				);
				GCC_WARN_64_TO_32_BIT_CONVERSION = YES;
				GCC_WARN_ABOUT_RETURN_TYPE = YES_ERROR;
				GCC_WARN_UNDECLARED_SELECTOR = YES;
				GCC_WARN_UNINITIALIZED_AUTOS = YES_AGGRESSIVE;
				GCC_WARN_UNUSED_FUNCTION = YES;
				GCC_WARN_UNUSED_VARIABLE = YES;
				IPHONEOS_DEPLOYMENT_TARGET = 10.3;
				MTL_ENABLE_DEBUG_INFO = YES;
				ONLY_ACTIVE_ARCH = YES;
				SDKROOT = iphoneos;
				SWIFT_ACTIVE_COMPILATION_CONDITIONS = DEBUG;
				SWIFT_OPTIMIZATION_LEVEL = "-Onone";
			};
			name = Debug;
		};
		D64F1D6B1F1D9E4200EE07B4 /* Release */ = {
			isa = XCBuildConfiguration;
			buildSettings = {
				ALWAYS_SEARCH_USER_PATHS = NO;
				CLANG_ANALYZER_NONNULL = YES;
				CLANG_ANALYZER_NUMBER_OBJECT_CONVERSION = YES_AGGRESSIVE;
				CLANG_CXX_LANGUAGE_STANDARD = "gnu++0x";
				CLANG_CXX_LIBRARY = "libc++";
				CLANG_ENABLE_MODULES = YES;
				CLANG_ENABLE_OBJC_ARC = YES;
				CLANG_WARN_BOOL_CONVERSION = YES;
				CLANG_WARN_CONSTANT_CONVERSION = YES;
				CLANG_WARN_DIRECT_OBJC_ISA_USAGE = YES_ERROR;
				CLANG_WARN_DOCUMENTATION_COMMENTS = YES;
				CLANG_WARN_EMPTY_BODY = YES;
				CLANG_WARN_ENUM_CONVERSION = YES;
				CLANG_WARN_INFINITE_RECURSION = YES;
				CLANG_WARN_INT_CONVERSION = YES;
				CLANG_WARN_OBJC_ROOT_CLASS = YES_ERROR;
				CLANG_WARN_SUSPICIOUS_MOVE = YES;
				CLANG_WARN_UNREACHABLE_CODE = YES;
				CLANG_WARN__DUPLICATE_METHOD_MATCH = YES;
				"CODE_SIGN_IDENTITY[sdk=iphoneos*]" = "iPhone Developer";
				COPY_PHASE_STRIP = NO;
				DEBUG_INFORMATION_FORMAT = "dwarf-with-dsym";
				ENABLE_NS_ASSERTIONS = NO;
				ENABLE_STRICT_OBJC_MSGSEND = YES;
				GCC_C_LANGUAGE_STANDARD = gnu99;
				GCC_NO_COMMON_BLOCKS = YES;
				GCC_WARN_64_TO_32_BIT_CONVERSION = YES;
				GCC_WARN_ABOUT_RETURN_TYPE = YES_ERROR;
				GCC_WARN_UNDECLARED_SELECTOR = YES;
				GCC_WARN_UNINITIALIZED_AUTOS = YES_AGGRESSIVE;
				GCC_WARN_UNUSED_FUNCTION = YES;
				GCC_WARN_UNUSED_VARIABLE = YES;
				IPHONEOS_DEPLOYMENT_TARGET = 10.3;
				MTL_ENABLE_DEBUG_INFO = NO;
				SDKROOT = iphoneos;
				SWIFT_OPTIMIZATION_LEVEL = "-Owholemodule";
				VALIDATE_PRODUCT = YES;
			};
			name = Release;
		};
		D64F1D6D1F1D9E4200EE07B4 /* Debug */ = {
			isa = XCBuildConfiguration;
			buildSettings = {
				ASSETCATALOG_COMPILER_APPICON_NAME = AppIcon;
				DEVELOPMENT_TEAM = 93J5P3W89X;
				INFOPLIST_FILE = ButtonLayoutDemo/Info.plist;
				LD_RUNPATH_SEARCH_PATHS = "$(inherited) @executable_path/Frameworks";
				PRODUCT_BUNDLE_IDENTIFIER = com.fengzhihao.ButtonLayoutDemo;
				PRODUCT_NAME = "$(TARGET_NAME)";
				SWIFT_VERSION = 3.0;
			};
			name = Debug;
		};
		D64F1D6E1F1D9E4200EE07B4 /* Release */ = {
			isa = XCBuildConfiguration;
			buildSettings = {
				ASSETCATALOG_COMPILER_APPICON_NAME = AppIcon;
				DEVELOPMENT_TEAM = 93J5P3W89X;
				INFOPLIST_FILE = ButtonLayoutDemo/Info.plist;
				LD_RUNPATH_SEARCH_PATHS = "$(inherited) @executable_path/Frameworks";
				PRODUCT_BUNDLE_IDENTIFIER = com.fengzhihao.ButtonLayoutDemo;
				PRODUCT_NAME = "$(TARGET_NAME)";
				SWIFT_VERSION = 3.0;
			};
			name = Release;
		};
		D64F1D701F1D9E4200EE07B4 /* Debug */ = {
			isa = XCBuildConfiguration;
			buildSettings = {
				ALWAYS_EMBED_SWIFT_STANDARD_LIBRARIES = YES;
				BUNDLE_LOADER = "$(TEST_HOST)";
				DEVELOPMENT_TEAM = 93J5P3W89X;
				INFOPLIST_FILE = ButtonLayoutDemoTests/Info.plist;
				LD_RUNPATH_SEARCH_PATHS = "$(inherited) @executable_path/Frameworks @loader_path/Frameworks";
				PRODUCT_BUNDLE_IDENTIFIER = com.fengzhihao.ButtonLayoutDemoTests;
				PRODUCT_NAME = "$(TARGET_NAME)";
				SWIFT_VERSION = 3.0;
				TEST_HOST = "$(BUILT_PRODUCTS_DIR)/ButtonLayoutDemo.app/ButtonLayoutDemo";
			};
			name = Debug;
		};
		D64F1D711F1D9E4200EE07B4 /* Release */ = {
			isa = XCBuildConfiguration;
			buildSettings = {
				ALWAYS_EMBED_SWIFT_STANDARD_LIBRARIES = YES;
				BUNDLE_LOADER = "$(TEST_HOST)";
				DEVELOPMENT_TEAM = 93J5P3W89X;
				INFOPLIST_FILE = ButtonLayoutDemoTests/Info.plist;
				LD_RUNPATH_SEARCH_PATHS = "$(inherited) @executable_path/Frameworks @loader_path/Frameworks";
				PRODUCT_BUNDLE_IDENTIFIER = com.fengzhihao.ButtonLayoutDemoTests;
				PRODUCT_NAME = "$(TARGET_NAME)";
				SWIFT_VERSION = 3.0;
				TEST_HOST = "$(BUILT_PRODUCTS_DIR)/ButtonLayoutDemo.app/ButtonLayoutDemo";
			};
			name = Release;
		};
		D64F1D731F1D9E4200EE07B4 /* Debug */ = {
			isa = XCBuildConfiguration;
			buildSettings = {
				ALWAYS_EMBED_SWIFT_STANDARD_LIBRARIES = YES;
				DEVELOPMENT_TEAM = 93J5P3W89X;
				INFOPLIST_FILE = ButtonLayoutDemoUITests/Info.plist;
				LD_RUNPATH_SEARCH_PATHS = "$(inherited) @executable_path/Frameworks @loader_path/Frameworks";
				PRODUCT_BUNDLE_IDENTIFIER = com.fengzhihao.ButtonLayoutDemoUITests;
				PRODUCT_NAME = "$(TARGET_NAME)";
				SWIFT_VERSION = 3.0;
				TEST_TARGET_NAME = ButtonLayoutDemo;
			};
			name = Debug;
		};
		D64F1D741F1D9E4200EE07B4 /* Release */ = {
			isa = XCBuildConfiguration;
			buildSettings = {
				ALWAYS_EMBED_SWIFT_STANDARD_LIBRARIES = YES;
				DEVELOPMENT_TEAM = 93J5P3W89X;
				INFOPLIST_FILE = ButtonLayoutDemoUITests/Info.plist;
				LD_RUNPATH_SEARCH_PATHS = "$(inherited) @executable_path/Frameworks @loader_path/Frameworks";
				PRODUCT_BUNDLE_IDENTIFIER = com.fengzhihao.ButtonLayoutDemoUITests;
				PRODUCT_NAME = "$(TARGET_NAME)";
				SWIFT_VERSION = 3.0;
				TEST_TARGET_NAME = ButtonLayoutDemo;
			};
			name = Release;
		};
/* End XCBuildConfiguration section */

/* Begin XCConfigurationList section */
		D64F1D3F1F1D9E4200EE07B4 /* Build configuration list for PBXProject "ButtonLayoutDemo" */ = {
			isa = XCConfigurationList;
			buildConfigurations = (
				D64F1D6A1F1D9E4200EE07B4 /* Debug */,
				D64F1D6B1F1D9E4200EE07B4 /* Release */,
			);
			defaultConfigurationIsVisible = 0;
			defaultConfigurationName = Release;
		};
		D64F1D6C1F1D9E4200EE07B4 /* Build configuration list for PBXNativeTarget "ButtonLayoutDemo" */ = {
			isa = XCConfigurationList;
			buildConfigurations = (
				D64F1D6D1F1D9E4200EE07B4 /* Debug */,
				D64F1D6E1F1D9E4200EE07B4 /* Release */,
			);
			defaultConfigurationIsVisible = 0;
		};
		D64F1D6F1F1D9E4200EE07B4 /* Build configuration list for PBXNativeTarget "ButtonLayoutDemoTests" */ = {
			isa = XCConfigurationList;
			buildConfigurations = (
				D64F1D701F1D9E4200EE07B4 /* Debug */,
				D64F1D711F1D9E4200EE07B4 /* Release */,
			);
			defaultConfigurationIsVisible = 0;
		};
		D64F1D721F1D9E4200EE07B4 /* Build configuration list for PBXNativeTarget "ButtonLayoutDemoUITests" */ = {
			isa = XCConfigurationList;
			buildConfigurations = (
				D64F1D731F1D9E4200EE07B4 /* Debug */,
				D64F1D741F1D9E4200EE07B4 /* Release */,
			);
			defaultConfigurationIsVisible = 0;
		};
/* End XCConfigurationList section */
	};
	rootObject = D64F1D3C1F1D9E4200EE07B4 /* Project object */;
}
