// !$*UTF8*$!
{
	archiveVersion = 1;
	classes = {
	};
	objectVersion = 46;
	objects = {

/* Begin PBXBuildFile section */
		D60402251DE6CF1B005C3CD2 /* AppDelegate.swift in Sources */ = {isa = PBXBuildFile; fileRef = D60402241DE6CF1B005C3CD2 /* AppDelegate.swift */; };
		D60402271DE6CF1B005C3CD2 /* ViewController.swift in Sources */ = {isa = PBXBuildFile; fileRef = D60402261DE6CF1B005C3CD2 /* ViewController.swift */; };
		D604022A1DE6CF1B005C3CD2 /* Main.storyboard in Resources */ = {isa = PBXBuildFile; fileRef = D60402281DE6CF1B005C3CD2 /* Main.storyboard */; };
		D604022C1DE6CF1B005C3CD2 /* Assets.xcassets in Resources */ = {isa = PBXBuildFile; fileRef = D604022B1DE6CF1B005C3CD2 /* Assets.xcassets */; };
		D604022F1DE6CF1B005C3CD2 /* LaunchScreen.storyboard in Resources */ = {isa = PBXBuildFile; fileRef = D604022D1DE6CF1B005C3CD2 /* LaunchScreen.storyboard */; };
		D604023A1DE6CF1B005C3CD2 /* _8_transferAnimationTests.swift in Sources */ = {isa = PBXBuildFile; fileRef = D60402391DE6CF1B005C3CD2 /* _8_transferAnimationTests.swift */; };
		D60402451DE6CF1B005C3CD2 /* _8_transferAnimationUITests.swift in Sources */ = {isa = PBXBuildFile; fileRef = D60402441DE6CF1B005C3CD2 /* _8_transferAnimationUITests.swift */; };
/* End PBXBuildFile section */

/* Begin PBXContainerItemProxy section */
		D60402361DE6CF1B005C3CD2 /* PBXContainerItemProxy */ = {
			isa = PBXContainerItemProxy;
			containerPortal = D60402191DE6CF1B005C3CD2 /* Project object */;
			proxyType = 1;
			remoteGlobalIDString = D60402201DE6CF1B005C3CD2;
			remoteInfo = "08-transferAnimation";
		};
		D60402411DE6CF1B005C3CD2 /* PBXContainerItemProxy */ = {
			isa = PBXContainerItemProxy;
			containerPortal = D60402191DE6CF1B005C3CD2 /* Project object */;
			proxyType = 1;
			remoteGlobalIDString = D60402201DE6CF1B005C3CD2;
			remoteInfo = "08-transferAnimation";
		};
/* End PBXContainerItemProxy section */

/* Begin PBXFileReference section */
		D60402211DE6CF1B005C3CD2 /* 08-transferAnimation.app */ = {isa = PBXFileReference; explicitFileType = wrapper.application; includeInIndex = 0; path = "08-transferAnimation.app"; sourceTree = BUILT_PRODUCTS_DIR; };
		D60402241DE6CF1B005C3CD2 /* AppDelegate.swift */ = {isa = PBXFileReference; lastKnownFileType = sourcecode.swift; path = AppDelegate.swift; sourceTree = "<group>"; };
		D60402261DE6CF1B005C3CD2 /* ViewController.swift */ = {isa = PBXFileReference; lastKnownFileType = sourcecode.swift; path = ViewController.swift; sourceTree = "<group>"; };
		D60402291DE6CF1B005C3CD2 /* Base */ = {isa = PBXFileReference; lastKnownFileType = file.storyboard; name = Base; path = Base.lproj/Main.storyboard; sourceTree = "<group>"; };
		D604022B1DE6CF1B005C3CD2 /* Assets.xcassets */ = {isa = PBXFileReference; lastKnownFileType = folder.assetcatalog; path = Assets.xcassets; sourceTree = "<group>"; };
		D604022E1DE6CF1B005C3CD2 /* Base */ = {isa = PBXFileReference; lastKnownFileType = file.storyboard; name = Base; path = Base.lproj/LaunchScreen.storyboard; sourceTree = "<group>"; };
		D60402301DE6CF1B005C3CD2 /* Info.plist */ = {isa = PBXFileReference; lastKnownFileType = text.plist.xml; path = Info.plist; sourceTree = "<group>"; };
		D60402351DE6CF1B005C3CD2 /* 08-transferAnimationTests.xctest */ = {isa = PBXFileReference; explicitFileType = wrapper.cfbundle; includeInIndex = 0; path = "08-transferAnimationTests.xctest"; sourceTree = BUILT_PRODUCTS_DIR; };
		D60402391DE6CF1B005C3CD2 /* _8_transferAnimationTests.swift */ = {isa = PBXFileReference; lastKnownFileType = sourcecode.swift; path = _8_transferAnimationTests.swift; sourceTree = "<group>"; };
		D604023B1DE6CF1B005C3CD2 /* Info.plist */ = {isa = PBXFileReference; lastKnownFileType = text.plist.xml; path = Info.plist; sourceTree = "<group>"; };
		D60402401DE6CF1B005C3CD2 /* 08-transferAnimationUITests.xctest */ = {isa = PBXFileReference; explicitFileType = wrapper.cfbundle; includeInIndex = 0; path = "08-transferAnimationUITests.xctest"; sourceTree = BUILT_PRODUCTS_DIR; };
		D60402441DE6CF1B005C3CD2 /* _8_transferAnimationUITests.swift */ = {isa = PBXFileReference; lastKnownFileType = sourcecode.swift; path = _8_transferAnimationUITests.swift; sourceTree = "<group>"; };
		D60402461DE6CF1B005C3CD2 /* Info.plist */ = {isa = PBXFileReference; lastKnownFileType = text.plist.xml; path = Info.plist; sourceTree = "<group>"; };
/* End PBXFileReference section */

/* Begin PBXFrameworksBuildPhase section */
		D604021E1DE6CF1B005C3CD2 /* Frameworks */ = {
			isa = PBXFrameworksBuildPhase;
			buildActionMask = 2147483647;
			files = (
			);
			runOnlyForDeploymentPostprocessing = 0;
		};
		D60402321DE6CF1B005C3CD2 /* Frameworks */ = {
			isa = PBXFrameworksBuildPhase;
			buildActionMask = 2147483647;
			files = (
			);
			runOnlyForDeploymentPostprocessing = 0;
		};
		D604023D1DE6CF1B005C3CD2 /* Frameworks */ = {
			isa = PBXFrameworksBuildPhase;
			buildActionMask = 2147483647;
			files = (
			);
			runOnlyForDeploymentPostprocessing = 0;
		};
/* End PBXFrameworksBuildPhase section */

/* Begin PBXGroup section */
		D60402181DE6CF1B005C3CD2 = {
			isa = PBXGroup;
			children = (
				D60402231DE6CF1B005C3CD2 /* 08-transferAnimation */,
				D60402381DE6CF1B005C3CD2 /* 08-transferAnimationTests */,
				D60402431DE6CF1B005C3CD2 /* 08-transferAnimationUITests */,
				D60402221DE6CF1B005C3CD2 /* Products */,
			);
			sourceTree = "<group>";
		};
		D60402221DE6CF1B005C3CD2 /* Products */ = {
			isa = PBXGroup;
			children = (
				D60402211DE6CF1B005C3CD2 /* 08-transferAnimation.app */,
				D60402351DE6CF1B005C3CD2 /* 08-transferAnimationTests.xctest */,
				D60402401DE6CF1B005C3CD2 /* 08-transferAnimationUITests.xctest */,
			);
			name = Products;
			sourceTree = "<group>";
		};
		D60402231DE6CF1B005C3CD2 /* 08-transferAnimation */ = {
			isa = PBXGroup;
			children = (
				D60402241DE6CF1B005C3CD2 /* AppDelegate.swift */,
				D60402261DE6CF1B005C3CD2 /* ViewController.swift */,
				D60402281DE6CF1B005C3CD2 /* Main.storyboard */,
				D604022B1DE6CF1B005C3CD2 /* Assets.xcassets */,
				D604022D1DE6CF1B005C3CD2 /* LaunchScreen.storyboard */,
				D60402301DE6CF1B005C3CD2 /* Info.plist */,
			);
			path = "08-transferAnimation";
			sourceTree = "<group>";
		};
		D60402381DE6CF1B005C3CD2 /* 08-transferAnimationTests */ = {
			isa = PBXGroup;
			children = (
				D60402391DE6CF1B005C3CD2 /* _8_transferAnimationTests.swift */,
				D604023B1DE6CF1B005C3CD2 /* Info.plist */,
			);
			path = "08-transferAnimationTests";
			sourceTree = "<group>";
		};
		D60402431DE6CF1B005C3CD2 /* 08-transferAnimationUITests */ = {
			isa = PBXGroup;
			children = (
				D60402441DE6CF1B005C3CD2 /* _8_transferAnimationUITests.swift */,
				D60402461DE6CF1B005C3CD2 /* Info.plist */,
			);
			path = "08-transferAnimationUITests";
			sourceTree = "<group>";
		};
/* End PBXGroup section */

/* Begin PBXNativeTarget section */
		D60402201DE6CF1B005C3CD2 /* 08-transferAnimation */ = {
			isa = PBXNativeTarget;
			buildConfigurationList = D60402491DE6CF1B005C3CD2 /* Build configuration list for PBXNativeTarget "08-transferAnimation" */;
			buildPhases = (
				D604021D1DE6CF1B005C3CD2 /* Sources */,
				D604021E1DE6CF1B005C3CD2 /* Frameworks */,
				D604021F1DE6CF1B005C3CD2 /* Resources */,
			);
			buildRules = (
			);
			dependencies = (
			);
			name = "08-transferAnimation";
			productName = "08-transferAnimation";
			productReference = D60402211DE6CF1B005C3CD2 /* 08-transferAnimation.app */;
			productType = "com.apple.product-type.application";
		};
		D60402341DE6CF1B005C3CD2 /* 08-transferAnimationTests */ = {
			isa = PBXNativeTarget;
			buildConfigurationList = D604024C1DE6CF1B005C3CD2 /* Build configuration list for PBXNativeTarget "08-transferAnimationTests" */;
			buildPhases = (
				D60402311DE6CF1B005C3CD2 /* Sources */,
				D60402321DE6CF1B005C3CD2 /* Frameworks */,
				D60402331DE6CF1B005C3CD2 /* Resources */,
			);
			buildRules = (
			);
			dependencies = (
				D60402371DE6CF1B005C3CD2 /* PBXTargetDependency */,
			);
			name = "08-transferAnimationTests";
			productName = "08-transferAnimationTests";
			productReference = D60402351DE6CF1B005C3CD2 /* 08-transferAnimationTests.xctest */;
			productType = "com.apple.product-type.bundle.unit-test";
		};
		D604023F1DE6CF1B005C3CD2 /* 08-transferAnimationUITests */ = {
			isa = PBXNativeTarget;
			buildConfigurationList = D604024F1DE6CF1B005C3CD2 /* Build configuration list for PBXNativeTarget "08-transferAnimationUITests" */;
			buildPhases = (
				D604023C1DE6CF1B005C3CD2 /* Sources */,
				D604023D1DE6CF1B005C3CD2 /* Frameworks */,
				D604023E1DE6CF1B005C3CD2 /* Resources */,
			);
			buildRules = (
			);
			dependencies = (
				D60402421DE6CF1B005C3CD2 /* PBXTargetDependency */,
			);
			name = "08-transferAnimationUITests";
			productName = "08-transferAnimationUITests";
			productReference = D60402401DE6CF1B005C3CD2 /* 08-transferAnimationUITests.xctest */;
			productType = "com.apple.product-type.bundle.ui-testing";
		};
/* End PBXNativeTarget section */

/* Begin PBXProject section */
		D60402191DE6CF1B005C3CD2 /* Project object */ = {
			isa = PBXProject;
			attributes = {
				LastSwiftUpdateCheck = 0810;
				LastUpgradeCheck = 0810;
				ORGANIZATIONNAME = FZH;
				TargetAttributes = {
					D60402201DE6CF1B005C3CD2 = {
						CreatedOnToolsVersion = 8.1;
						DevelopmentTeam = 3TQS7A8S7H;
						ProvisioningStyle = Automatic;
					};
					D60402341DE6CF1B005C3CD2 = {
						CreatedOnToolsVersion = 8.1;
						DevelopmentTeam = 3TQS7A8S7H;
						ProvisioningStyle = Automatic;
						TestTargetID = D60402201DE6CF1B005C3CD2;
					};
					D604023F1DE6CF1B005C3CD2 = {
						CreatedOnToolsVersion = 8.1;
						DevelopmentTeam = 3TQS7A8S7H;
						ProvisioningStyle = Automatic;
						TestTargetID = D60402201DE6CF1B005C3CD2;
					};
				};
			};
			buildConfigurationList = D604021C1DE6CF1B005C3CD2 /* Build configuration list for PBXProject "08-transferAnimation" */;
			compatibilityVersion = "Xcode 3.2";
			developmentRegion = English;
			hasScannedForEncodings = 0;
			knownRegions = (
				en,
				Base,
			);
			mainGroup = D60402181DE6CF1B005C3CD2;
			productRefGroup = D60402221DE6CF1B005C3CD2 /* Products */;
			projectDirPath = "";
			projectRoot = "";
			targets = (
				D60402201DE6CF1B005C3CD2 /* 08-transferAnimation */,
				D60402341DE6CF1B005C3CD2 /* 08-transferAnimationTests */,
				D604023F1DE6CF1B005C3CD2 /* 08-transferAnimationUITests */,
			);
		};
/* End PBXProject section */

/* Begin PBXResourcesBuildPhase section */
		D604021F1DE6CF1B005C3CD2 /* Resources */ = {
			isa = PBXResourcesBuildPhase;
			buildActionMask = 2147483647;
			files = (
				D604022F1DE6CF1B005C3CD2 /* LaunchScreen.storyboard in Resources */,
				D604022C1DE6CF1B005C3CD2 /* Assets.xcassets in Resources */,
				D604022A1DE6CF1B005C3CD2 /* Main.storyboard in Resources */,
			);
			runOnlyForDeploymentPostprocessing = 0;
		};
		D60402331DE6CF1B005C3CD2 /* Resources */ = {
			isa = PBXResourcesBuildPhase;
			buildActionMask = 2147483647;
			files = (
			);
			runOnlyForDeploymentPostprocessing = 0;
		};
		D604023E1DE6CF1B005C3CD2 /* Resources */ = {
			isa = PBXResourcesBuildPhase;
			buildActionMask = 2147483647;
			files = (
			);
			runOnlyForDeploymentPostprocessing = 0;
		};
/* End PBXResourcesBuildPhase section */

/* Begin PBXSourcesBuildPhase section */
		D604021D1DE6CF1B005C3CD2 /* Sources */ = {
			isa = PBXSourcesBuildPhase;
			buildActionMask = 2147483647;
			files = (
				D60402271DE6CF1B005C3CD2 /* ViewController.swift in Sources */,
				D60402251DE6CF1B005C3CD2 /* AppDelegate.swift in Sources */,
			);
			runOnlyForDeploymentPostprocessing = 0;
		};
		D60402311DE6CF1B005C3CD2 /* Sources */ = {
			isa = PBXSourcesBuildPhase;
			buildActionMask = 2147483647;
			files = (
				D604023A1DE6CF1B005C3CD2 /* _8_transferAnimationTests.swift in Sources */,
			);
			runOnlyForDeploymentPostprocessing = 0;
		};
		D604023C1DE6CF1B005C3CD2 /* Sources */ = {
			isa = PBXSourcesBuildPhase;
			buildActionMask = 2147483647;
			files = (
				D60402451DE6CF1B005C3CD2 /* _8_transferAnimationUITests.swift in Sources */,
			);
			runOnlyForDeploymentPostprocessing = 0;
		};
/* End PBXSourcesBuildPhase section */

/* Begin PBXTargetDependency section */
		D60402371DE6CF1B005C3CD2 /* PBXTargetDependency */ = {
			isa = PBXTargetDependency;
			target = D60402201DE6CF1B005C3CD2 /* 08-transferAnimation */;
			targetProxy = D60402361DE6CF1B005C3CD2 /* PBXContainerItemProxy */;
		};
		D60402421DE6CF1B005C3CD2 /* PBXTargetDependency */ = {
			isa = PBXTargetDependency;
			target = D60402201DE6CF1B005C3CD2 /* 08-transferAnimation */;
			targetProxy = D60402411DE6CF1B005C3CD2 /* PBXContainerItemProxy */;
		};
/* End PBXTargetDependency section */

/* Begin PBXVariantGroup section */
		D60402281DE6CF1B005C3CD2 /* Main.storyboard */ = {
			isa = PBXVariantGroup;
			children = (
				D60402291DE6CF1B005C3CD2 /* Base */,
			);
			name = Main.storyboard;
			sourceTree = "<group>";
		};
		D604022D1DE6CF1B005C3CD2 /* LaunchScreen.storyboard */ = {
			isa = PBXVariantGroup;
			children = (
				D604022E1DE6CF1B005C3CD2 /* Base */,
			);
			name = LaunchScreen.storyboard;
			sourceTree = "<group>";
		};
/* End PBXVariantGroup section */

/* Begin XCBuildConfiguration section */
		D60402471DE6CF1B005C3CD2 /* Debug */ = {
			isa = XCBuildConfiguration;
			buildSettings = {
				ALWAYS_SEARCH_USER_PATHS = NO;
				CLANG_ANALYZER_NONNULL = YES;
				CLANG_CXX_LANGUAGE_STANDARD = "gnu++0x";
				CLANG_CXX_LIBRARY = "libc++";
				CLANG_ENABLE_MODULES = YES;
				CLANG_ENABLE_OBJC_ARC = YES;
				CLANG_WARN_BOOL_CONVERSION = YES;
				CLANG_WARN_CONSTANT_CONVERSION = YES;
				CLANG_WARN_DIRECT_OBJC_ISA_USAGE = YES_ERROR;
				CLANG_WARN_DOCUMENTATION_COMMENTS = YES;
				CLANG_WARN_EMPTY_BODY = YES;
				CLANG_WARN_ENUM_CONVERSION = YES;
				CLANG_WARN_INFINITE_RECURSION = YES;
				CLANG_WARN_INT_CONVERSION = YES;
				CLANG_WARN_OBJC_ROOT_CLASS = YES_ERROR;
				CLANG_WARN_SUSPICIOUS_MOVES = YES;
				CLANG_WARN_UNREACHABLE_CODE = YES;
				CLANG_WARN__DUPLICATE_METHOD_MATCH = YES;
				"CODE_SIGN_IDENTITY[sdk=iphoneos*]" = "iPhone Developer";
				COPY_PHASE_STRIP = NO;
				DEBUG_INFORMATION_FORMAT = dwarf;
				ENABLE_STRICT_OBJC_MSGSEND = YES;
				ENABLE_TESTABILITY = YES;
				GCC_C_LANGUAGE_STANDARD = gnu99;
				GCC_DYNAMIC_NO_PIC = NO;
				GCC_NO_COMMON_BLOCKS = YES;
				GCC_OPTIMIZATION_LEVEL = 0;
				GCC_PREPROCESSOR_DEFINITIONS = (
					"DEBUG=1",
					"$(inherited)",
				);
				GCC_WARN_64_TO_32_BIT_CONVERSION = YES;
				GCC_WARN_ABOUT_RETURN_TYPE = YES_ERROR;
				GCC_WARN_UNDECLARED_SELECTOR = YES;
				GCC_WARN_UNINITIALIZED_AUTOS = YES_AGGRESSIVE;
				GCC_WARN_UNUSED_FUNCTION = YES;
				GCC_WARN_UNUSED_VARIABLE = YES;
				IPHONEOS_DEPLOYMENT_TARGET = 10.1;
				MTL_ENABLE_DEBUG_INFO = YES;
				ONLY_ACTIVE_ARCH = YES;
				SDKROOT = iphoneos;
				SWIFT_ACTIVE_COMPILATION_CONDITIONS = DEBUG;
				SWIFT_OPTIMIZATION_LEVEL = "-Onone";
			};
			name = Debug;
		};
		D60402481DE6CF1B005C3CD2 /* Release */ = {
			isa = XCBuildConfiguration;
			buildSettings = {
				ALWAYS_SEARCH_USER_PATHS = NO;
				CLANG_ANALYZER_NONNULL = YES;
				CLANG_CXX_LANGUAGE_STANDARD = "gnu++0x";
				CLANG_CXX_LIBRARY = "libc++";
				CLANG_ENABLE_MODULES = YES;
				CLANG_ENABLE_OBJC_ARC = YES;
				CLANG_WARN_BOOL_CONVERSION = YES;
				CLANG_WARN_CONSTANT_CONVERSION = YES;
				CLANG_WARN_DIRECT_OBJC_ISA_USAGE = YES_ERROR;
				CLANG_WARN_DOCUMENTATION_COMMENTS = YES;
				CLANG_WARN_EMPTY_BODY = YES;
				CLANG_WARN_ENUM_CONVERSION = YES;
				CLANG_WARN_INFINITE_RECURSION = YES;
				CLANG_WARN_INT_CONVERSION = YES;
				CLANG_WARN_OBJC_ROOT_CLASS = YES_ERROR;
				CLANG_WARN_SUSPICIOUS_MOVES = YES;
				CLANG_WARN_UNREACHABLE_CODE = YES;
				CLANG_WARN__DUPLICATE_METHOD_MATCH = YES;
				"CODE_SIGN_IDENTITY[sdk=iphoneos*]" = "iPhone Developer";
				COPY_PHASE_STRIP = NO;
				DEBUG_INFORMATION_FORMAT = "dwarf-with-dsym";
				ENABLE_NS_ASSERTIONS = NO;
				ENABLE_STRICT_OBJC_MSGSEND = YES;
				GCC_C_LANGUAGE_STANDARD = gnu99;
				GCC_NO_COMMON_BLOCKS = YES;
				GCC_WARN_64_TO_32_BIT_CONVERSION = YES;
				GCC_WARN_ABOUT_RETURN_TYPE = YES_ERROR;
				GCC_WARN_UNDECLARED_SELECTOR = YES;
				GCC_WARN_UNINITIALIZED_AUTOS = YES_AGGRESSIVE;
				GCC_WARN_UNUSED_FUNCTION = YES;
				GCC_WARN_UNUSED_VARIABLE = YES;
				IPHONEOS_DEPLOYMENT_TARGET = 10.1;
				MTL_ENABLE_DEBUG_INFO = NO;
				SDKROOT = iphoneos;
				SWIFT_OPTIMIZATION_LEVEL = "-Owholemodule";
				VALIDATE_PRODUCT = YES;
			};
			name = Release;
		};
		D604024A1DE6CF1B005C3CD2 /* Debug */ = {
			isa = XCBuildConfiguration;
			buildSettings = {
				ASSETCATALOG_COMPILER_APPICON_NAME = AppIcon;
				DEVELOPMENT_TEAM = 3TQS7A8S7H;
				INFOPLIST_FILE = "08-transferAnimation/Info.plist";
				LD_RUNPATH_SEARCH_PATHS = "$(inherited) @executable_path/Frameworks";
				PRODUCT_BUNDLE_IDENTIFIER = "com.fengzhihao.-8-transferAnimation";
				PRODUCT_NAME = "$(TARGET_NAME)";
				SWIFT_VERSION = 3.0;
			};
			name = Debug;
		};
		D604024B1DE6CF1B005C3CD2 /* Release */ = {
			isa = XCBuildConfiguration;
			buildSettings = {
				ASSETCATALOG_COMPILER_APPICON_NAME = AppIcon;
				DEVELOPMENT_TEAM = 3TQS7A8S7H;
				INFOPLIST_FILE = "08-transferAnimation/Info.plist";
				LD_RUNPATH_SEARCH_PATHS = "$(inherited) @executable_path/Frameworks";
				PRODUCT_BUNDLE_IDENTIFIER = "com.fengzhihao.-8-transferAnimation";
				PRODUCT_NAME = "$(TARGET_NAME)";
				SWIFT_VERSION = 3.0;
			};
			name = Release;
		};
		D604024D1DE6CF1B005C3CD2 /* Debug */ = {
			isa = XCBuildConfiguration;
			buildSettings = {
				ALWAYS_EMBED_SWIFT_STANDARD_LIBRARIES = YES;
				BUNDLE_LOADER = "$(TEST_HOST)";
				DEVELOPMENT_TEAM = 3TQS7A8S7H;
				INFOPLIST_FILE = "08-transferAnimationTests/Info.plist";
				LD_RUNPATH_SEARCH_PATHS = "$(inherited) @executable_path/Frameworks @loader_path/Frameworks";
				PRODUCT_BUNDLE_IDENTIFIER = "com.fengzhihao.-8-transferAnimationTests";
				PRODUCT_NAME = "$(TARGET_NAME)";
				SWIFT_VERSION = 3.0;
				TEST_HOST = "$(BUILT_PRODUCTS_DIR)/08-transferAnimation.app/08-transferAnimation";
			};
			name = Debug;
		};
		D604024E1DE6CF1B005C3CD2 /* Release */ = {
			isa = XCBuildConfiguration;
			buildSettings = {
				ALWAYS_EMBED_SWIFT_STANDARD_LIBRARIES = YES;
				BUNDLE_LOADER = "$(TEST_HOST)";
				DEVELOPMENT_TEAM = 3TQS7A8S7H;
				INFOPLIST_FILE = "08-transferAnimationTests/Info.plist";
				LD_RUNPATH_SEARCH_PATHS = "$(inherited) @executable_path/Frameworks @loader_path/Frameworks";
				PRODUCT_BUNDLE_IDENTIFIER = "com.fengzhihao.-8-transferAnimationTests";
				PRODUCT_NAME = "$(TARGET_NAME)";
				SWIFT_VERSION = 3.0;
				TEST_HOST = "$(BUILT_PRODUCTS_DIR)/08-transferAnimation.app/08-transferAnimation";
			};
			name = Release;
		};
		D60402501DE6CF1B005C3CD2 /* Debug */ = {
			isa = XCBuildConfiguration;
			buildSettings = {
				ALWAYS_EMBED_SWIFT_STANDARD_LIBRARIES = YES;
				DEVELOPMENT_TEAM = 3TQS7A8S7H;
				INFOPLIST_FILE = "08-transferAnimationUITests/Info.plist";
				LD_RUNPATH_SEARCH_PATHS = "$(inherited) @executable_path/Frameworks @loader_path/Frameworks";
				PRODUCT_BUNDLE_IDENTIFIER = "com.fengzhihao.-8-transferAnimationUITests";
				PRODUCT_NAME = "$(TARGET_NAME)";
				SWIFT_VERSION = 3.0;
				TEST_TARGET_NAME = "08-transferAnimation";
			};
			name = Debug;
		};
		D60402511DE6CF1B005C3CD2 /* Release */ = {
			isa = XCBuildConfiguration;
			buildSettings = {
				ALWAYS_EMBED_SWIFT_STANDARD_LIBRARIES = YES;
				DEVELOPMENT_TEAM = 3TQS7A8S7H;
				INFOPLIST_FILE = "08-transferAnimationUITests/Info.plist";
				LD_RUNPATH_SEARCH_PATHS = "$(inherited) @executable_path/Frameworks @loader_path/Frameworks";
				PRODUCT_BUNDLE_IDENTIFIER = "com.fengzhihao.-8-transferAnimationUITests";
				PRODUCT_NAME = "$(TARGET_NAME)";
				SWIFT_VERSION = 3.0;
				TEST_TARGET_NAME = "08-transferAnimation";
			};
			name = Release;
		};
/* End XCBuildConfiguration section */

/* Begin XCConfigurationList section */
		D604021C1DE6CF1B005C3CD2 /* Build configuration list for PBXProject "08-transferAnimation" */ = {
			isa = XCConfigurationList;
			buildConfigurations = (
				D60402471DE6CF1B005C3CD2 /* Debug */,
				D60402481DE6CF1B005C3CD2 /* Release */,
			);
			defaultConfigurationIsVisible = 0;
			defaultConfigurationName = Release;
		};
		D60402491DE6CF1B005C3CD2 /* Build configuration list for PBXNativeTarget "08-transferAnimation" */ = {
			isa = XCConfigurationList;
			buildConfigurations = (
				D604024A1DE6CF1B005C3CD2 /* Debug */,
				D604024B1DE6CF1B005C3CD2 /* Release */,
			);
			defaultConfigurationIsVisible = 0;
		};
		D604024C1DE6CF1B005C3CD2 /* Build configuration list for PBXNativeTarget "08-transferAnimationTests" */ = {
			isa = XCConfigurationList;
			buildConfigurations = (
				D604024D1DE6CF1B005C3CD2 /* Debug */,
				D604024E1DE6CF1B005C3CD2 /* Release */,
			);
			defaultConfigurationIsVisible = 0;
		};
		D604024F1DE6CF1B005C3CD2 /* Build configuration list for PBXNativeTarget "08-transferAnimationUITests" */ = {
			isa = XCConfigurationList;
			buildConfigurations = (
				D60402501DE6CF1B005C3CD2 /* Debug */,
				D60402511DE6CF1B005C3CD2 /* Release */,
			);
			defaultConfigurationIsVisible = 0;
		};
/* End XCConfigurationList section */
	};
	rootObject = D60402191DE6CF1B005C3CD2 /* Project object */;
}
