// !$*UTF8*$!
{
	archiveVersion = 1;
	classes = {
	};
	objectVersion = 46;
	objects = {

/* Begin PBXBuildFile section */
		D6287EA21DE58002002294BE /* AppDelegate.swift in Sources */ = {isa = PBXBuildFile; fileRef = D6287EA11DE58002002294BE /* AppDelegate.swift */; };
		D6287EA41DE58002002294BE /* ViewController.swift in Sources */ = {isa = PBXBuildFile; fileRef = D6287EA31DE58002002294BE /* ViewController.swift */; };
		D6287EA71DE58002002294BE /* Main.storyboard in Resources */ = {isa = PBXBuildFile; fileRef = D6287EA51DE58002002294BE /* Main.storyboard */; };
		D6287EA91DE58002002294BE /* Assets.xcassets in Resources */ = {isa = PBXBuildFile; fileRef = D6287EA81DE58002002294BE /* Assets.xcassets */; };
		D6287EAC1DE58002002294BE /* LaunchScreen.storyboard in Resources */ = {isa = PBXBuildFile; fileRef = D6287EAA1DE58002002294BE /* LaunchScreen.storyboard */; };
		D6287EB71DE58002002294BE /* _7_EnlargeImageTests.swift in Sources */ = {isa = PBXBuildFile; fileRef = D6287EB61DE58002002294BE /* _7_EnlargeImageTests.swift */; };
		D6287EC21DE58002002294BE /* _7_EnlargeImageUITests.swift in Sources */ = {isa = PBXBuildFile; fileRef = D6287EC11DE58002002294BE /* _7_EnlargeImageUITests.swift */; };
		D6287ED01DE580F7002294BE /* dota2.jpg in Resources */ = {isa = PBXBuildFile; fileRef = D6287ECF1DE580F7002294BE /* dota2.jpg */; };
		D6287ED21DE59219002294BE /* FZHEnlargeImageView.swift in Sources */ = {isa = PBXBuildFile; fileRef = D6287ED11DE59219002294BE /* FZHEnlargeImageView.swift */; };
/* End PBXBuildFile section */

/* Begin PBXContainerItemProxy section */
		D6287EB31DE58002002294BE /* PBXContainerItemProxy */ = {
			isa = PBXContainerItemProxy;
			containerPortal = D6287E961DE58002002294BE /* Project object */;
			proxyType = 1;
			remoteGlobalIDString = D6287E9D1DE58002002294BE;
			remoteInfo = "07-EnlargeImage";
		};
		D6287EBE1DE58002002294BE /* PBXContainerItemProxy */ = {
			isa = PBXContainerItemProxy;
			containerPortal = D6287E961DE58002002294BE /* Project object */;
			proxyType = 1;
			remoteGlobalIDString = D6287E9D1DE58002002294BE;
			remoteInfo = "07-EnlargeImage";
		};
/* End PBXContainerItemProxy section */

/* Begin PBXFileReference section */
		D6287E9E1DE58002002294BE /* 07-EnlargeImage.app */ = {isa = PBXFileReference; explicitFileType = wrapper.application; includeInIndex = 0; path = "07-EnlargeImage.app"; sourceTree = BUILT_PRODUCTS_DIR; };
		D6287EA11DE58002002294BE /* AppDelegate.swift */ = {isa = PBXFileReference; lastKnownFileType = sourcecode.swift; path = AppDelegate.swift; sourceTree = "<group>"; };
		D6287EA31DE58002002294BE /* ViewController.swift */ = {isa = PBXFileReference; lastKnownFileType = sourcecode.swift; path = ViewController.swift; sourceTree = "<group>"; };
		D6287EA61DE58002002294BE /* Base */ = {isa = PBXFileReference; lastKnownFileType = file.storyboard; name = Base; path = Base.lproj/Main.storyboard; sourceTree = "<group>"; };
		D6287EA81DE58002002294BE /* Assets.xcassets */ = {isa = PBXFileReference; lastKnownFileType = folder.assetcatalog; path = Assets.xcassets; sourceTree = "<group>"; };
		D6287EAB1DE58002002294BE /* Base */ = {isa = PBXFileReference; lastKnownFileType = file.storyboard; name = Base; path = Base.lproj/LaunchScreen.storyboard; sourceTree = "<group>"; };
		D6287EAD1DE58002002294BE /* Info.plist */ = {isa = PBXFileReference; lastKnownFileType = text.plist.xml; path = Info.plist; sourceTree = "<group>"; };
		D6287EB21DE58002002294BE /* 07-EnlargeImageTests.xctest */ = {isa = PBXFileReference; explicitFileType = wrapper.cfbundle; includeInIndex = 0; path = "07-EnlargeImageTests.xctest"; sourceTree = BUILT_PRODUCTS_DIR; };
		D6287EB61DE58002002294BE /* _7_EnlargeImageTests.swift */ = {isa = PBXFileReference; lastKnownFileType = sourcecode.swift; path = _7_EnlargeImageTests.swift; sourceTree = "<group>"; };
		D6287EB81DE58002002294BE /* Info.plist */ = {isa = PBXFileReference; lastKnownFileType = text.plist.xml; path = Info.plist; sourceTree = "<group>"; };
		D6287EBD1DE58002002294BE /* 07-EnlargeImageUITests.xctest */ = {isa = PBXFileReference; explicitFileType = wrapper.cfbundle; includeInIndex = 0; path = "07-EnlargeImageUITests.xctest"; sourceTree = BUILT_PRODUCTS_DIR; };
		D6287EC11DE58002002294BE /* _7_EnlargeImageUITests.swift */ = {isa = PBXFileReference; lastKnownFileType = sourcecode.swift; path = _7_EnlargeImageUITests.swift; sourceTree = "<group>"; };
		D6287EC31DE58002002294BE /* Info.plist */ = {isa = PBXFileReference; lastKnownFileType = text.plist.xml; path = Info.plist; sourceTree = "<group>"; };
		D6287ECF1DE580F7002294BE /* dota2.jpg */ = {isa = PBXFileReference; lastKnownFileType = image.jpeg; path = dota2.jpg; sourceTree = "<group>"; };
		D6287ED11DE59219002294BE /* FZHEnlargeImageView.swift */ = {isa = PBXFileReference; fileEncoding = 4; lastKnownFileType = sourcecode.swift; path = FZHEnlargeImageView.swift; sourceTree = "<group>"; };
/* End PBXFileReference section */

/* Begin PBXFrameworksBuildPhase section */
		D6287E9B1DE58002002294BE /* Frameworks */ = {
			isa = PBXFrameworksBuildPhase;
			buildActionMask = 2147483647;
			files = (
			);
			runOnlyForDeploymentPostprocessing = 0;
		};
		D6287EAF1DE58002002294BE /* Frameworks */ = {
			isa = PBXFrameworksBuildPhase;
			buildActionMask = 2147483647;
			files = (
			);
			runOnlyForDeploymentPostprocessing = 0;
		};
		D6287EBA1DE58002002294BE /* Frameworks */ = {
			isa = PBXFrameworksBuildPhase;
			buildActionMask = 2147483647;
			files = (
			);
			runOnlyForDeploymentPostprocessing = 0;
		};
/* End PBXFrameworksBuildPhase section */

/* Begin PBXGroup section */
		D6287E951DE58002002294BE = {
			isa = PBXGroup;
			children = (
				D6287EA01DE58002002294BE /* 07-EnlargeImage */,
				D6287EB51DE58002002294BE /* 07-EnlargeImageTests */,
				D6287EC01DE58002002294BE /* 07-EnlargeImageUITests */,
				D6287E9F1DE58002002294BE /* Products */,
			);
			sourceTree = "<group>";
		};
		D6287E9F1DE58002002294BE /* Products */ = {
			isa = PBXGroup;
			children = (
				D6287E9E1DE58002002294BE /* 07-EnlargeImage.app */,
				D6287EB21DE58002002294BE /* 07-EnlargeImageTests.xctest */,
				D6287EBD1DE58002002294BE /* 07-EnlargeImageUITests.xctest */,
			);
			name = Products;
			sourceTree = "<group>";
		};
		D6287EA01DE58002002294BE /* 07-EnlargeImage */ = {
			isa = PBXGroup;
			children = (
				D6287EA11DE58002002294BE /* AppDelegate.swift */,
				D6287EA31DE58002002294BE /* ViewController.swift */,
				D6287ED11DE59219002294BE /* FZHEnlargeImageView.swift */,
				D6287ECF1DE580F7002294BE /* dota2.jpg */,
				D6287EA51DE58002002294BE /* Main.storyboard */,
				D6287EA81DE58002002294BE /* Assets.xcassets */,
				D6287EAA1DE58002002294BE /* LaunchScreen.storyboard */,
				D6287EAD1DE58002002294BE /* Info.plist */,
			);
			path = "07-EnlargeImage";
			sourceTree = "<group>";
		};
		D6287EB51DE58002002294BE /* 07-EnlargeImageTests */ = {
			isa = PBXGroup;
			children = (
				D6287EB61DE58002002294BE /* _7_EnlargeImageTests.swift */,
				D6287EB81DE58002002294BE /* Info.plist */,
			);
			path = "07-EnlargeImageTests";
			sourceTree = "<group>";
		};
		D6287EC01DE58002002294BE /* 07-EnlargeImageUITests */ = {
			isa = PBXGroup;
			children = (
				D6287EC11DE58002002294BE /* _7_EnlargeImageUITests.swift */,
				D6287EC31DE58002002294BE /* Info.plist */,
			);
			path = "07-EnlargeImageUITests";
			sourceTree = "<group>";
		};
/* End PBXGroup section */

/* Begin PBXNativeTarget section */
		D6287E9D1DE58002002294BE /* 07-EnlargeImage */ = {
			isa = PBXNativeTarget;
			buildConfigurationList = D6287EC61DE58002002294BE /* Build configuration list for PBXNativeTarget "07-EnlargeImage" */;
			buildPhases = (
				D6287E9A1DE58002002294BE /* Sources */,
				D6287E9B1DE58002002294BE /* Frameworks */,
				D6287E9C1DE58002002294BE /* Resources */,
			);
			buildRules = (
			);
			dependencies = (
			);
			name = "07-EnlargeImage";
			productName = "07-EnlargeImage";
			productReference = D6287E9E1DE58002002294BE /* 07-EnlargeImage.app */;
			productType = "com.apple.product-type.application";
		};
		D6287EB11DE58002002294BE /* 07-EnlargeImageTests */ = {
			isa = PBXNativeTarget;
			buildConfigurationList = D6287EC91DE58002002294BE /* Build configuration list for PBXNativeTarget "07-EnlargeImageTests" */;
			buildPhases = (
				D6287EAE1DE58002002294BE /* Sources */,
				D6287EAF1DE58002002294BE /* Frameworks */,
				D6287EB01DE58002002294BE /* Resources */,
			);
			buildRules = (
			);
			dependencies = (
				D6287EB41DE58002002294BE /* PBXTargetDependency */,
			);
			name = "07-EnlargeImageTests";
			productName = "07-EnlargeImageTests";
			productReference = D6287EB21DE58002002294BE /* 07-EnlargeImageTests.xctest */;
			productType = "com.apple.product-type.bundle.unit-test";
		};
		D6287EBC1DE58002002294BE /* 07-EnlargeImageUITests */ = {
			isa = PBXNativeTarget;
			buildConfigurationList = D6287ECC1DE58002002294BE /* Build configuration list for PBXNativeTarget "07-EnlargeImageUITests" */;
			buildPhases = (
				D6287EB91DE58002002294BE /* Sources */,
				D6287EBA1DE58002002294BE /* Frameworks */,
				D6287EBB1DE58002002294BE /* Resources */,
			);
			buildRules = (
			);
			dependencies = (
				D6287EBF1DE58002002294BE /* PBXTargetDependency */,
			);
			name = "07-EnlargeImageUITests";
			productName = "07-EnlargeImageUITests";
			productReference = D6287EBD1DE58002002294BE /* 07-EnlargeImageUITests.xctest */;
			productType = "com.apple.product-type.bundle.ui-testing";
		};
/* End PBXNativeTarget section */

/* Begin PBXProject section */
		D6287E961DE58002002294BE /* Project object */ = {
			isa = PBXProject;
			attributes = {
				LastSwiftUpdateCheck = 0810;
				LastUpgradeCheck = 0810;
				ORGANIZATIONNAME = FZH;
				TargetAttributes = {
					D6287E9D1DE58002002294BE = {
						CreatedOnToolsVersion = 8.1;
						DevelopmentTeam = 3TQS7A8S7H;
						ProvisioningStyle = Automatic;
					};
					D6287EB11DE58002002294BE = {
						CreatedOnToolsVersion = 8.1;
						DevelopmentTeam = 3TQS7A8S7H;
						ProvisioningStyle = Automatic;
						TestTargetID = D6287E9D1DE58002002294BE;
					};
					D6287EBC1DE58002002294BE = {
						CreatedOnToolsVersion = 8.1;
						DevelopmentTeam = 3TQS7A8S7H;
						ProvisioningStyle = Automatic;
						TestTargetID = D6287E9D1DE58002002294BE;
					};
				};
			};
			buildConfigurationList = D6287E991DE58002002294BE /* Build configuration list for PBXProject "07-EnlargeImage" */;
			compatibilityVersion = "Xcode 3.2";
			developmentRegion = English;
			hasScannedForEncodings = 0;
			knownRegions = (
				en,
				Base,
			);
			mainGroup = D6287E951DE58002002294BE;
			productRefGroup = D6287E9F1DE58002002294BE /* Products */;
			projectDirPath = "";
			projectRoot = "";
			targets = (
				D6287E9D1DE58002002294BE /* 07-EnlargeImage */,
				D6287EB11DE58002002294BE /* 07-EnlargeImageTests */,
				D6287EBC1DE58002002294BE /* 07-EnlargeImageUITests */,
			);
		};
/* End PBXProject section */

/* Begin PBXResourcesBuildPhase section */
		D6287E9C1DE58002002294BE /* Resources */ = {
			isa = PBXResourcesBuildPhase;
			buildActionMask = 2147483647;
			files = (
				D6287EAC1DE58002002294BE /* LaunchScreen.storyboard in Resources */,
				D6287EA91DE58002002294BE /* Assets.xcassets in Resources */,
				D6287ED01DE580F7002294BE /* dota2.jpg in Resources */,
				D6287EA71DE58002002294BE /* Main.storyboard in Resources */,
			);
			runOnlyForDeploymentPostprocessing = 0;
		};
		D6287EB01DE58002002294BE /* Resources */ = {
			isa = PBXResourcesBuildPhase;
			buildActionMask = 2147483647;
			files = (
			);
			runOnlyForDeploymentPostprocessing = 0;
		};
		D6287EBB1DE58002002294BE /* Resources */ = {
			isa = PBXResourcesBuildPhase;
			buildActionMask = 2147483647;
			files = (
			);
			runOnlyForDeploymentPostprocessing = 0;
		};
/* End PBXResourcesBuildPhase section */

/* Begin PBXSourcesBuildPhase section */
		D6287E9A1DE58002002294BE /* Sources */ = {
			isa = PBXSourcesBuildPhase;
			buildActionMask = 2147483647;
			files = (
				D6287EA41DE58002002294BE /* ViewController.swift in Sources */,
				D6287ED21DE59219002294BE /* FZHEnlargeImageView.swift in Sources */,
				D6287EA21DE58002002294BE /* AppDelegate.swift in Sources */,
			);
			runOnlyForDeploymentPostprocessing = 0;
		};
		D6287EAE1DE58002002294BE /* Sources */ = {
			isa = PBXSourcesBuildPhase;
			buildActionMask = 2147483647;
			files = (
				D6287EB71DE58002002294BE /* _7_EnlargeImageTests.swift in Sources */,
			);
			runOnlyForDeploymentPostprocessing = 0;
		};
		D6287EB91DE58002002294BE /* Sources */ = {
			isa = PBXSourcesBuildPhase;
			buildActionMask = 2147483647;
			files = (
				D6287EC21DE58002002294BE /* _7_EnlargeImageUITests.swift in Sources */,
			);
			runOnlyForDeploymentPostprocessing = 0;
		};
/* End PBXSourcesBuildPhase section */

/* Begin PBXTargetDependency section */
		D6287EB41DE58002002294BE /* PBXTargetDependency */ = {
			isa = PBXTargetDependency;
			target = D6287E9D1DE58002002294BE /* 07-EnlargeImage */;
			targetProxy = D6287EB31DE58002002294BE /* PBXContainerItemProxy */;
		};
		D6287EBF1DE58002002294BE /* PBXTargetDependency */ = {
			isa = PBXTargetDependency;
			target = D6287E9D1DE58002002294BE /* 07-EnlargeImage */;
			targetProxy = D6287EBE1DE58002002294BE /* PBXContainerItemProxy */;
		};
/* End PBXTargetDependency section */

/* Begin PBXVariantGroup section */
		D6287EA51DE58002002294BE /* Main.storyboard */ = {
			isa = PBXVariantGroup;
			children = (
				D6287EA61DE58002002294BE /* Base */,
			);
			name = Main.storyboard;
			sourceTree = "<group>";
		};
		D6287EAA1DE58002002294BE /* LaunchScreen.storyboard */ = {
			isa = PBXVariantGroup;
			children = (
				D6287EAB1DE58002002294BE /* Base */,
			);
			name = LaunchScreen.storyboard;
			sourceTree = "<group>";
		};
/* End PBXVariantGroup section */

/* Begin XCBuildConfiguration section */
		D6287EC41DE58002002294BE /* Debug */ = {
			isa = XCBuildConfiguration;
			buildSettings = {
				ALWAYS_SEARCH_USER_PATHS = NO;
				CLANG_ANALYZER_NONNULL = YES;
				CLANG_CXX_LANGUAGE_STANDARD = "gnu++0x";
				CLANG_CXX_LIBRARY = "libc++";
				CLANG_ENABLE_MODULES = YES;
				CLANG_ENABLE_OBJC_ARC = YES;
				CLANG_WARN_BOOL_CONVERSION = YES;
				CLANG_WARN_CONSTANT_CONVERSION = YES;
				CLANG_WARN_DIRECT_OBJC_ISA_USAGE = YES_ERROR;
				CLANG_WARN_DOCUMENTATION_COMMENTS = YES;
				CLANG_WARN_EMPTY_BODY = YES;
				CLANG_WARN_ENUM_CONVERSION = YES;
				CLANG_WARN_INFINITE_RECURSION = YES;
				CLANG_WARN_INT_CONVERSION = YES;
				CLANG_WARN_OBJC_ROOT_CLASS = YES_ERROR;
				CLANG_WARN_SUSPICIOUS_MOVES = YES;
				CLANG_WARN_UNREACHABLE_CODE = YES;
				CLANG_WARN__DUPLICATE_METHOD_MATCH = YES;
				"CODE_SIGN_IDENTITY[sdk=iphoneos*]" = "iPhone Developer";
				COPY_PHASE_STRIP = NO;
				DEBUG_INFORMATION_FORMAT = dwarf;
				ENABLE_STRICT_OBJC_MSGSEND = YES;
				ENABLE_TESTABILITY = YES;
				GCC_C_LANGUAGE_STANDARD = gnu99;
				GCC_DYNAMIC_NO_PIC = NO;
				GCC_NO_COMMON_BLOCKS = YES;
				GCC_OPTIMIZATION_LEVEL = 0;
				GCC_PREPROCESSOR_DEFINITIONS = (
					"DEBUG=1",
					"$(inherited)",
				);
				GCC_WARN_64_TO_32_BIT_CONVERSION = YES;
				GCC_WARN_ABOUT_RETURN_TYPE = YES_ERROR;
				GCC_WARN_UNDECLARED_SELECTOR = YES;
				GCC_WARN_UNINITIALIZED_AUTOS = YES_AGGRESSIVE;
				GCC_WARN_UNUSED_FUNCTION = YES;
				GCC_WARN_UNUSED_VARIABLE = YES;
				IPHONEOS_DEPLOYMENT_TARGET = 10.1;
				MTL_ENABLE_DEBUG_INFO = YES;
				ONLY_ACTIVE_ARCH = YES;
				SDKROOT = iphoneos;
				SWIFT_ACTIVE_COMPILATION_CONDITIONS = DEBUG;
				SWIFT_OPTIMIZATION_LEVEL = "-Onone";
			};
			name = Debug;
		};
		D6287EC51DE58002002294BE /* Release */ = {
			isa = XCBuildConfiguration;
			buildSettings = {
				ALWAYS_SEARCH_USER_PATHS = NO;
				CLANG_ANALYZER_NONNULL = YES;
				CLANG_CXX_LANGUAGE_STANDARD = "gnu++0x";
				CLANG_CXX_LIBRARY = "libc++";
				CLANG_ENABLE_MODULES = YES;
				CLANG_ENABLE_OBJC_ARC = YES;
				CLANG_WARN_BOOL_CONVERSION = YES;
				CLANG_WARN_CONSTANT_CONVERSION = YES;
				CLANG_WARN_DIRECT_OBJC_ISA_USAGE = YES_ERROR;
				CLANG_WARN_DOCUMENTATION_COMMENTS = YES;
				CLANG_WARN_EMPTY_BODY = YES;
				CLANG_WARN_ENUM_CONVERSION = YES;
				CLANG_WARN_INFINITE_RECURSION = YES;
				CLANG_WARN_INT_CONVERSION = YES;
				CLANG_WARN_OBJC_ROOT_CLASS = YES_ERROR;
				CLANG_WARN_SUSPICIOUS_MOVES = YES;
				CLANG_WARN_UNREACHABLE_CODE = YES;
				CLANG_WARN__DUPLICATE_METHOD_MATCH = YES;
				"CODE_SIGN_IDENTITY[sdk=iphoneos*]" = "iPhone Developer";
				COPY_PHASE_STRIP = NO;
				DEBUG_INFORMATION_FORMAT = "dwarf-with-dsym";
				ENABLE_NS_ASSERTIONS = NO;
				ENABLE_STRICT_OBJC_MSGSEND = YES;
				GCC_C_LANGUAGE_STANDARD = gnu99;
				GCC_NO_COMMON_BLOCKS = YES;
				GCC_WARN_64_TO_32_BIT_CONVERSION = YES;
				GCC_WARN_ABOUT_RETURN_TYPE = YES_ERROR;
				GCC_WARN_UNDECLARED_SELECTOR = YES;
				GCC_WARN_UNINITIALIZED_AUTOS = YES_AGGRESSIVE;
				GCC_WARN_UNUSED_FUNCTION = YES;
				GCC_WARN_UNUSED_VARIABLE = YES;
				IPHONEOS_DEPLOYMENT_TARGET = 10.1;
				MTL_ENABLE_DEBUG_INFO = NO;
				SDKROOT = iphoneos;
				SWIFT_OPTIMIZATION_LEVEL = "-Owholemodule";
				VALIDATE_PRODUCT = YES;
			};
			name = Release;
		};
		D6287EC71DE58002002294BE /* Debug */ = {
			isa = XCBuildConfiguration;
			buildSettings = {
				ASSETCATALOG_COMPILER_APPICON_NAME = AppIcon;
				DEVELOPMENT_TEAM = 3TQS7A8S7H;
				INFOPLIST_FILE = "07-EnlargeImage/Info.plist";
				LD_RUNPATH_SEARCH_PATHS = "$(inherited) @executable_path/Frameworks";
				PRODUCT_BUNDLE_IDENTIFIER = "com.fengzhihao.-7-EnlargeImage";
				PRODUCT_NAME = "$(TARGET_NAME)";
				SWIFT_VERSION = 3.0;
			};
			name = Debug;
		};
		D6287EC81DE58002002294BE /* Release */ = {
			isa = XCBuildConfiguration;
			buildSettings = {
				ASSETCATALOG_COMPILER_APPICON_NAME = AppIcon;
				DEVELOPMENT_TEAM = 3TQS7A8S7H;
				INFOPLIST_FILE = "07-EnlargeImage/Info.plist";
				LD_RUNPATH_SEARCH_PATHS = "$(inherited) @executable_path/Frameworks";
				PRODUCT_BUNDLE_IDENTIFIER = "com.fengzhihao.-7-EnlargeImage";
				PRODUCT_NAME = "$(TARGET_NAME)";
				SWIFT_VERSION = 3.0;
			};
			name = Release;
		};
		D6287ECA1DE58002002294BE /* Debug */ = {
			isa = XCBuildConfiguration;
			buildSettings = {
				ALWAYS_EMBED_SWIFT_STANDARD_LIBRARIES = YES;
				BUNDLE_LOADER = "$(TEST_HOST)";
				DEVELOPMENT_TEAM = 3TQS7A8S7H;
				INFOPLIST_FILE = "07-EnlargeImageTests/Info.plist";
				LD_RUNPATH_SEARCH_PATHS = "$(inherited) @executable_path/Frameworks @loader_path/Frameworks";
				PRODUCT_BUNDLE_IDENTIFIER = "com.fengzhihao.-7-EnlargeImageTests";
				PRODUCT_NAME = "$(TARGET_NAME)";
				SWIFT_VERSION = 3.0;
				TEST_HOST = "$(BUILT_PRODUCTS_DIR)/07-EnlargeImage.app/07-EnlargeImage";
			};
			name = Debug;
		};
		D6287ECB1DE58002002294BE /* Release */ = {
			isa = XCBuildConfiguration;
			buildSettings = {
				ALWAYS_EMBED_SWIFT_STANDARD_LIBRARIES = YES;
				BUNDLE_LOADER = "$(TEST_HOST)";
				DEVELOPMENT_TEAM = 3TQS7A8S7H;
				INFOPLIST_FILE = "07-EnlargeImageTests/Info.plist";
				LD_RUNPATH_SEARCH_PATHS = "$(inherited) @executable_path/Frameworks @loader_path/Frameworks";
				PRODUCT_BUNDLE_IDENTIFIER = "com.fengzhihao.-7-EnlargeImageTests";
				PRODUCT_NAME = "$(TARGET_NAME)";
				SWIFT_VERSION = 3.0;
				TEST_HOST = "$(BUILT_PRODUCTS_DIR)/07-EnlargeImage.app/07-EnlargeImage";
			};
			name = Release;
		};
		D6287ECD1DE58002002294BE /* Debug */ = {
			isa = XCBuildConfiguration;
			buildSettings = {
				ALWAYS_EMBED_SWIFT_STANDARD_LIBRARIES = YES;
				DEVELOPMENT_TEAM = 3TQS7A8S7H;
				INFOPLIST_FILE = "07-EnlargeImageUITests/Info.plist";
				LD_RUNPATH_SEARCH_PATHS = "$(inherited) @executable_path/Frameworks @loader_path/Frameworks";
				PRODUCT_BUNDLE_IDENTIFIER = "com.fengzhihao.-7-EnlargeImageUITests";
				PRODUCT_NAME = "$(TARGET_NAME)";
				SWIFT_VERSION = 3.0;
				TEST_TARGET_NAME = "07-EnlargeImage";
			};
			name = Debug;
		};
		D6287ECE1DE58002002294BE /* Release */ = {
			isa = XCBuildConfiguration;
			buildSettings = {
				ALWAYS_EMBED_SWIFT_STANDARD_LIBRARIES = YES;
				DEVELOPMENT_TEAM = 3TQS7A8S7H;
				INFOPLIST_FILE = "07-EnlargeImageUITests/Info.plist";
				LD_RUNPATH_SEARCH_PATHS = "$(inherited) @executable_path/Frameworks @loader_path/Frameworks";
				PRODUCT_BUNDLE_IDENTIFIER = "com.fengzhihao.-7-EnlargeImageUITests";
				PRODUCT_NAME = "$(TARGET_NAME)";
				SWIFT_VERSION = 3.0;
				TEST_TARGET_NAME = "07-EnlargeImage";
			};
			name = Release;
		};
/* End XCBuildConfiguration section */

/* Begin XCConfigurationList section */
		D6287E991DE58002002294BE /* Build configuration list for PBXProject "07-EnlargeImage" */ = {
			isa = XCConfigurationList;
			buildConfigurations = (
				D6287EC41DE58002002294BE /* Debug */,
				D6287EC51DE58002002294BE /* Release */,
			);
			defaultConfigurationIsVisible = 0;
			defaultConfigurationName = Release;
		};
		D6287EC61DE58002002294BE /* Build configuration list for PBXNativeTarget "07-EnlargeImage" */ = {
			isa = XCConfigurationList;
			buildConfigurations = (
				D6287EC71DE58002002294BE /* Debug */,
				D6287EC81DE58002002294BE /* Release */,
			);
			defaultConfigurationIsVisible = 0;
		};
		D6287EC91DE58002002294BE /* Build configuration list for PBXNativeTarget "07-EnlargeImageTests" */ = {
			isa = XCConfigurationList;
			buildConfigurations = (
				D6287ECA1DE58002002294BE /* Debug */,
				D6287ECB1DE58002002294BE /* Release */,
			);
			defaultConfigurationIsVisible = 0;
		};
		D6287ECC1DE58002002294BE /* Build configuration list for PBXNativeTarget "07-EnlargeImageUITests" */ = {
			isa = XCConfigurationList;
			buildConfigurations = (
				D6287ECD1DE58002002294BE /* Debug */,
				D6287ECE1DE58002002294BE /* Release */,
			);
			defaultConfigurationIsVisible = 0;
		};
/* End XCConfigurationList section */
	};
	rootObject = D6287E961DE58002002294BE /* Project object */;
}
