// !$*UTF8*$!
{
	archiveVersion = 1;
	classes = {
	};
	objectVersion = 46;
	objects = {

/* Begin PBXBuildFile section */
		D6B722D01DC9D29D002BFCE3 /* AppDelegate.swift in Sources */ = {isa = PBXBuildFile; fileRef = D6B722CF1DC9D29D002BFCE3 /* AppDelegate.swift */; };
		D6B722D21DC9D29D002BFCE3 /* ViewController.swift in Sources */ = {isa = PBXBuildFile; fileRef = D6B722D11DC9D29D002BFCE3 /* ViewController.swift */; };
		D6B722D51DC9D29D002BFCE3 /* Main.storyboard in Resources */ = {isa = PBXBuildFile; fileRef = D6B722D31DC9D29D002BFCE3 /* Main.storyboard */; };
		D6B722D71DC9D29D002BFCE3 /* Assets.xcassets in Resources */ = {isa = PBXBuildFile; fileRef = D6B722D61DC9D29D002BFCE3 /* Assets.xcassets */; };
		D6B722DA1DC9D29D002BFCE3 /* LaunchScreen.storyboard in Resources */ = {isa = PBXBuildFile; fileRef = D6B722D81DC9D29D002BFCE3 /* LaunchScreen.storyboard */; };
		D6B722E51DC9D29D002BFCE3 /* _6_FZHBlurredTests.swift in Sources */ = {isa = PBXBuildFile; fileRef = D6B722E41DC9D29D002BFCE3 /* _6_FZHBlurredTests.swift */; };
		D6B722F01DC9D29D002BFCE3 /* _6_FZHBlurredUITests.swift in Sources */ = {isa = PBXBuildFile; fileRef = D6B722EF1DC9D29D002BFCE3 /* _6_FZHBlurredUITests.swift */; };
		D6B722FE1DC9D326002BFCE3 /* UIImage+FZHBlurred.swift in Sources */ = {isa = PBXBuildFile; fileRef = D6B722FD1DC9D326002BFCE3 /* UIImage+FZHBlurred.swift */; };
		D6B723001DC9E4E6002BFCE3 /* example.png in Resources */ = {isa = PBXBuildFile; fileRef = D6B722FF1DC9E4E6002BFCE3 /* example.png */; };
/* End PBXBuildFile section */

/* Begin PBXContainerItemProxy section */
		D6B722E11DC9D29D002BFCE3 /* PBXContainerItemProxy */ = {
			isa = PBXContainerItemProxy;
			containerPortal = D6B722C41DC9D29D002BFCE3 /* Project object */;
			proxyType = 1;
			remoteGlobalIDString = D6B722CB1DC9D29D002BFCE3;
			remoteInfo = "06-FZHBlurred";
		};
		D6B722EC1DC9D29D002BFCE3 /* PBXContainerItemProxy */ = {
			isa = PBXContainerItemProxy;
			containerPortal = D6B722C41DC9D29D002BFCE3 /* Project object */;
			proxyType = 1;
			remoteGlobalIDString = D6B722CB1DC9D29D002BFCE3;
			remoteInfo = "06-FZHBlurred";
		};
/* End PBXContainerItemProxy section */

/* Begin PBXFileReference section */
		D6B722CC1DC9D29D002BFCE3 /* 06-FZHBlurred.app */ = {isa = PBXFileReference; explicitFileType = wrapper.application; includeInIndex = 0; path = "06-FZHBlurred.app"; sourceTree = BUILT_PRODUCTS_DIR; };
		D6B722CF1DC9D29D002BFCE3 /* AppDelegate.swift */ = {isa = PBXFileReference; lastKnownFileType = sourcecode.swift; path = AppDelegate.swift; sourceTree = "<group>"; };
		D6B722D11DC9D29D002BFCE3 /* ViewController.swift */ = {isa = PBXFileReference; lastKnownFileType = sourcecode.swift; path = ViewController.swift; sourceTree = "<group>"; };
		D6B722D41DC9D29D002BFCE3 /* Base */ = {isa = PBXFileReference; lastKnownFileType = file.storyboard; name = Base; path = Base.lproj/Main.storyboard; sourceTree = "<group>"; };
		D6B722D61DC9D29D002BFCE3 /* Assets.xcassets */ = {isa = PBXFileReference; lastKnownFileType = folder.assetcatalog; path = Assets.xcassets; sourceTree = "<group>"; };
		D6B722D91DC9D29D002BFCE3 /* Base */ = {isa = PBXFileReference; lastKnownFileType = file.storyboard; name = Base; path = Base.lproj/LaunchScreen.storyboard; sourceTree = "<group>"; };
		D6B722DB1DC9D29D002BFCE3 /* Info.plist */ = {isa = PBXFileReference; lastKnownFileType = text.plist.xml; path = Info.plist; sourceTree = "<group>"; };
		D6B722E01DC9D29D002BFCE3 /* 06-FZHBlurredTests.xctest */ = {isa = PBXFileReference; explicitFileType = wrapper.cfbundle; includeInIndex = 0; path = "06-FZHBlurredTests.xctest"; sourceTree = BUILT_PRODUCTS_DIR; };
		D6B722E41DC9D29D002BFCE3 /* _6_FZHBlurredTests.swift */ = {isa = PBXFileReference; lastKnownFileType = sourcecode.swift; path = _6_FZHBlurredTests.swift; sourceTree = "<group>"; };
		D6B722E61DC9D29D002BFCE3 /* Info.plist */ = {isa = PBXFileReference; lastKnownFileType = text.plist.xml; path = Info.plist; sourceTree = "<group>"; };
		D6B722EB1DC9D29D002BFCE3 /* 06-FZHBlurredUITests.xctest */ = {isa = PBXFileReference; explicitFileType = wrapper.cfbundle; includeInIndex = 0; path = "06-FZHBlurredUITests.xctest"; sourceTree = BUILT_PRODUCTS_DIR; };
		D6B722EF1DC9D29D002BFCE3 /* _6_FZHBlurredUITests.swift */ = {isa = PBXFileReference; lastKnownFileType = sourcecode.swift; path = _6_FZHBlurredUITests.swift; sourceTree = "<group>"; };
		D6B722F11DC9D29D002BFCE3 /* Info.plist */ = {isa = PBXFileReference; lastKnownFileType = text.plist.xml; path = Info.plist; sourceTree = "<group>"; };
		D6B722FD1DC9D326002BFCE3 /* UIImage+FZHBlurred.swift */ = {isa = PBXFileReference; fileEncoding = 4; lastKnownFileType = sourcecode.swift; path = "UIImage+FZHBlurred.swift"; sourceTree = "<group>"; };
		D6B722FF1DC9E4E6002BFCE3 /* example.png */ = {isa = PBXFileReference; lastKnownFileType = image.png; path = example.png; sourceTree = "<group>"; };
/* End PBXFileReference section */

/* Begin PBXFrameworksBuildPhase section */
		D6B722C91DC9D29D002BFCE3 /* Frameworks */ = {
			isa = PBXFrameworksBuildPhase;
			buildActionMask = 2147483647;
			files = (
			);
			runOnlyForDeploymentPostprocessing = 0;
		};
		D6B722DD1DC9D29D002BFCE3 /* Frameworks */ = {
			isa = PBXFrameworksBuildPhase;
			buildActionMask = 2147483647;
			files = (
			);
			runOnlyForDeploymentPostprocessing = 0;
		};
		D6B722E81DC9D29D002BFCE3 /* Frameworks */ = {
			isa = PBXFrameworksBuildPhase;
			buildActionMask = 2147483647;
			files = (
			);
			runOnlyForDeploymentPostprocessing = 0;
		};
/* End PBXFrameworksBuildPhase section */

/* Begin PBXGroup section */
		D6B722C31DC9D29D002BFCE3 = {
			isa = PBXGroup;
			children = (
				D6B722CE1DC9D29D002BFCE3 /* 06-FZHBlurred */,
				D6B722E31DC9D29D002BFCE3 /* 06-FZHBlurredTests */,
				D6B722EE1DC9D29D002BFCE3 /* 06-FZHBlurredUITests */,
				D6B722CD1DC9D29D002BFCE3 /* Products */,
			);
			sourceTree = "<group>";
		};
		D6B722CD1DC9D29D002BFCE3 /* Products */ = {
			isa = PBXGroup;
			children = (
				D6B722CC1DC9D29D002BFCE3 /* 06-FZHBlurred.app */,
				D6B722E01DC9D29D002BFCE3 /* 06-FZHBlurredTests.xctest */,
				D6B722EB1DC9D29D002BFCE3 /* 06-FZHBlurredUITests.xctest */,
			);
			name = Products;
			sourceTree = "<group>";
		};
		D6B722CE1DC9D29D002BFCE3 /* 06-FZHBlurred */ = {
			isa = PBXGroup;
			children = (
				D6B722CF1DC9D29D002BFCE3 /* AppDelegate.swift */,
				D6B722D11DC9D29D002BFCE3 /* ViewController.swift */,
				D6B722FD1DC9D326002BFCE3 /* UIImage+FZHBlurred.swift */,
				D6B722D31DC9D29D002BFCE3 /* Main.storyboard */,
				D6B722FF1DC9E4E6002BFCE3 /* example.png */,
				D6B722D61DC9D29D002BFCE3 /* Assets.xcassets */,
				D6B722D81DC9D29D002BFCE3 /* LaunchScreen.storyboard */,
				D6B722DB1DC9D29D002BFCE3 /* Info.plist */,
			);
			path = "06-FZHBlurred";
			sourceTree = "<group>";
		};
		D6B722E31DC9D29D002BFCE3 /* 06-FZHBlurredTests */ = {
			isa = PBXGroup;
			children = (
				D6B722E41DC9D29D002BFCE3 /* _6_FZHBlurredTests.swift */,
				D6B722E61DC9D29D002BFCE3 /* Info.plist */,
			);
			path = "06-FZHBlurredTests";
			sourceTree = "<group>";
		};
		D6B722EE1DC9D29D002BFCE3 /* 06-FZHBlurredUITests */ = {
			isa = PBXGroup;
			children = (
				D6B722EF1DC9D29D002BFCE3 /* _6_FZHBlurredUITests.swift */,
				D6B722F11DC9D29D002BFCE3 /* Info.plist */,
			);
			path = "06-FZHBlurredUITests";
			sourceTree = "<group>";
		};
/* End PBXGroup section */

/* Begin PBXNativeTarget section */
		D6B722CB1DC9D29D002BFCE3 /* 06-FZHBlurred */ = {
			isa = PBXNativeTarget;
			buildConfigurationList = D6B722F41DC9D29D002BFCE3 /* Build configuration list for PBXNativeTarget "06-FZHBlurred" */;
			buildPhases = (
				D6B722C81DC9D29D002BFCE3 /* Sources */,
				D6B722C91DC9D29D002BFCE3 /* Frameworks */,
				D6B722CA1DC9D29D002BFCE3 /* Resources */,
			);
			buildRules = (
			);
			dependencies = (
			);
			name = "06-FZHBlurred";
			productName = "06-FZHBlurred";
			productReference = D6B722CC1DC9D29D002BFCE3 /* 06-FZHBlurred.app */;
			productType = "com.apple.product-type.application";
		};
		D6B722DF1DC9D29D002BFCE3 /* 06-FZHBlurredTests */ = {
			isa = PBXNativeTarget;
			buildConfigurationList = D6B722F71DC9D29D002BFCE3 /* Build configuration list for PBXNativeTarget "06-FZHBlurredTests" */;
			buildPhases = (
				D6B722DC1DC9D29D002BFCE3 /* Sources */,
				D6B722DD1DC9D29D002BFCE3 /* Frameworks */,
				D6B722DE1DC9D29D002BFCE3 /* Resources */,
			);
			buildRules = (
			);
			dependencies = (
				D6B722E21DC9D29D002BFCE3 /* PBXTargetDependency */,
			);
			name = "06-FZHBlurredTests";
			productName = "06-FZHBlurredTests";
			productReference = D6B722E01DC9D29D002BFCE3 /* 06-FZHBlurredTests.xctest */;
			productType = "com.apple.product-type.bundle.unit-test";
		};
		D6B722EA1DC9D29D002BFCE3 /* 06-FZHBlurredUITests */ = {
			isa = PBXNativeTarget;
			buildConfigurationList = D6B722FA1DC9D29D002BFCE3 /* Build configuration list for PBXNativeTarget "06-FZHBlurredUITests" */;
			buildPhases = (
				D6B722E71DC9D29D002BFCE3 /* Sources */,
				D6B722E81DC9D29D002BFCE3 /* Frameworks */,
				D6B722E91DC9D29D002BFCE3 /* Resources */,
			);
			buildRules = (
			);
			dependencies = (
				D6B722ED1DC9D29D002BFCE3 /* PBXTargetDependency */,
			);
			name = "06-FZHBlurredUITests";
			productName = "06-FZHBlurredUITests";
			productReference = D6B722EB1DC9D29D002BFCE3 /* 06-FZHBlurredUITests.xctest */;
			productType = "com.apple.product-type.bundle.ui-testing";
		};
/* End PBXNativeTarget section */

/* Begin PBXProject section */
		D6B722C41DC9D29D002BFCE3 /* Project object */ = {
			isa = PBXProject;
			attributes = {
				LastSwiftUpdateCheck = 0810;
				LastUpgradeCheck = 0810;
				ORGANIZATIONNAME = FZH;
				TargetAttributes = {
					D6B722CB1DC9D29D002BFCE3 = {
						CreatedOnToolsVersion = 8.1;
						DevelopmentTeam = 3TQS7A8S7H;
						ProvisioningStyle = Automatic;
					};
					D6B722DF1DC9D29D002BFCE3 = {
						CreatedOnToolsVersion = 8.1;
						DevelopmentTeam = 3TQS7A8S7H;
						ProvisioningStyle = Automatic;
						TestTargetID = D6B722CB1DC9D29D002BFCE3;
					};
					D6B722EA1DC9D29D002BFCE3 = {
						CreatedOnToolsVersion = 8.1;
						DevelopmentTeam = 3TQS7A8S7H;
						ProvisioningStyle = Automatic;
						TestTargetID = D6B722CB1DC9D29D002BFCE3;
					};
				};
			};
			buildConfigurationList = D6B722C71DC9D29D002BFCE3 /* Build configuration list for PBXProject "06-FZHBlurred" */;
			compatibilityVersion = "Xcode 3.2";
			developmentRegion = English;
			hasScannedForEncodings = 0;
			knownRegions = (
				en,
				Base,
			);
			mainGroup = D6B722C31DC9D29D002BFCE3;
			productRefGroup = D6B722CD1DC9D29D002BFCE3 /* Products */;
			projectDirPath = "";
			projectRoot = "";
			targets = (
				D6B722CB1DC9D29D002BFCE3 /* 06-FZHBlurred */,
				D6B722DF1DC9D29D002BFCE3 /* 06-FZHBlurredTests */,
				D6B722EA1DC9D29D002BFCE3 /* 06-FZHBlurredUITests */,
			);
		};
/* End PBXProject section */

/* Begin PBXResourcesBuildPhase section */
		D6B722CA1DC9D29D002BFCE3 /* Resources */ = {
			isa = PBXResourcesBuildPhase;
			buildActionMask = 2147483647;
			files = (
				D6B722DA1DC9D29D002BFCE3 /* LaunchScreen.storyboard in Resources */,
				D6B722D71DC9D29D002BFCE3 /* Assets.xcassets in Resources */,
				D6B723001DC9E4E6002BFCE3 /* example.png in Resources */,
				D6B722D51DC9D29D002BFCE3 /* Main.storyboard in Resources */,
			);
			runOnlyForDeploymentPostprocessing = 0;
		};
		D6B722DE1DC9D29D002BFCE3 /* Resources */ = {
			isa = PBXResourcesBuildPhase;
			buildActionMask = 2147483647;
			files = (
			);
			runOnlyForDeploymentPostprocessing = 0;
		};
		D6B722E91DC9D29D002BFCE3 /* Resources */ = {
			isa = PBXResourcesBuildPhase;
			buildActionMask = 2147483647;
			files = (
			);
			runOnlyForDeploymentPostprocessing = 0;
		};
/* End PBXResourcesBuildPhase section */

/* Begin PBXSourcesBuildPhase section */
		D6B722C81DC9D29D002BFCE3 /* Sources */ = {
			isa = PBXSourcesBuildPhase;
			buildActionMask = 2147483647;
			files = (
				D6B722D21DC9D29D002BFCE3 /* ViewController.swift in Sources */,
				D6B722D01DC9D29D002BFCE3 /* AppDelegate.swift in Sources */,
				D6B722FE1DC9D326002BFCE3 /* UIImage+FZHBlurred.swift in Sources */,
			);
			runOnlyForDeploymentPostprocessing = 0;
		};
		D6B722DC1DC9D29D002BFCE3 /* Sources */ = {
			isa = PBXSourcesBuildPhase;
			buildActionMask = 2147483647;
			files = (
				D6B722E51DC9D29D002BFCE3 /* _6_FZHBlurredTests.swift in Sources */,
			);
			runOnlyForDeploymentPostprocessing = 0;
		};
		D6B722E71DC9D29D002BFCE3 /* Sources */ = {
			isa = PBXSourcesBuildPhase;
			buildActionMask = 2147483647;
			files = (
				D6B722F01DC9D29D002BFCE3 /* _6_FZHBlurredUITests.swift in Sources */,
			);
			runOnlyForDeploymentPostprocessing = 0;
		};
/* End PBXSourcesBuildPhase section */

/* Begin PBXTargetDependency section */
		D6B722E21DC9D29D002BFCE3 /* PBXTargetDependency */ = {
			isa = PBXTargetDependency;
			target = D6B722CB1DC9D29D002BFCE3 /* 06-FZHBlurred */;
			targetProxy = D6B722E11DC9D29D002BFCE3 /* PBXContainerItemProxy */;
		};
		D6B722ED1DC9D29D002BFCE3 /* PBXTargetDependency */ = {
			isa = PBXTargetDependency;
			target = D6B722CB1DC9D29D002BFCE3 /* 06-FZHBlurred */;
			targetProxy = D6B722EC1DC9D29D002BFCE3 /* PBXContainerItemProxy */;
		};
/* End PBXTargetDependency section */

/* Begin PBXVariantGroup section */
		D6B722D31DC9D29D002BFCE3 /* Main.storyboard */ = {
			isa = PBXVariantGroup;
			children = (
				D6B722D41DC9D29D002BFCE3 /* Base */,
			);
			name = Main.storyboard;
			sourceTree = "<group>";
		};
		D6B722D81DC9D29D002BFCE3 /* LaunchScreen.storyboard */ = {
			isa = PBXVariantGroup;
			children = (
				D6B722D91DC9D29D002BFCE3 /* Base */,
			);
			name = LaunchScreen.storyboard;
			sourceTree = "<group>";
		};
/* End PBXVariantGroup section */

/* Begin XCBuildConfiguration section */
		D6B722F21DC9D29D002BFCE3 /* Debug */ = {
			isa = XCBuildConfiguration;
			buildSettings = {
				ALWAYS_SEARCH_USER_PATHS = NO;
				CLANG_ANALYZER_NONNULL = YES;
				CLANG_CXX_LANGUAGE_STANDARD = "gnu++0x";
				CLANG_CXX_LIBRARY = "libc++";
				CLANG_ENABLE_MODULES = YES;
				CLANG_ENABLE_OBJC_ARC = YES;
				CLANG_WARN_BOOL_CONVERSION = YES;
				CLANG_WARN_CONSTANT_CONVERSION = YES;
				CLANG_WARN_DIRECT_OBJC_ISA_USAGE = YES_ERROR;
				CLANG_WARN_DOCUMENTATION_COMMENTS = YES;
				CLANG_WARN_EMPTY_BODY = YES;
				CLANG_WARN_ENUM_CONVERSION = YES;
				CLANG_WARN_INFINITE_RECURSION = YES;
				CLANG_WARN_INT_CONVERSION = YES;
				CLANG_WARN_OBJC_ROOT_CLASS = YES_ERROR;
				CLANG_WARN_SUSPICIOUS_MOVES = YES;
				CLANG_WARN_UNREACHABLE_CODE = YES;
				CLANG_WARN__DUPLICATE_METHOD_MATCH = YES;
				"CODE_SIGN_IDENTITY[sdk=iphoneos*]" = "iPhone Developer";
				COPY_PHASE_STRIP = NO;
				DEBUG_INFORMATION_FORMAT = dwarf;
				ENABLE_STRICT_OBJC_MSGSEND = YES;
				ENABLE_TESTABILITY = YES;
				GCC_C_LANGUAGE_STANDARD = gnu99;
				GCC_DYNAMIC_NO_PIC = NO;
				GCC_NO_COMMON_BLOCKS = YES;
				GCC_OPTIMIZATION_LEVEL = 0;
				GCC_PREPROCESSOR_DEFINITIONS = (
					"DEBUG=1",
					"$(inherited)",
				);
				GCC_WARN_64_TO_32_BIT_CONVERSION = YES;
				GCC_WARN_ABOUT_RETURN_TYPE = YES_ERROR;
				GCC_WARN_UNDECLARED_SELECTOR = YES;
				GCC_WARN_UNINITIALIZED_AUTOS = YES_AGGRESSIVE;
				GCC_WARN_UNUSED_FUNCTION = YES;
				GCC_WARN_UNUSED_VARIABLE = YES;
				IPHONEOS_DEPLOYMENT_TARGET = 10.1;
				MTL_ENABLE_DEBUG_INFO = YES;
				ONLY_ACTIVE_ARCH = YES;
				SDKROOT = iphoneos;
				SWIFT_ACTIVE_COMPILATION_CONDITIONS = DEBUG;
				SWIFT_OPTIMIZATION_LEVEL = "-Onone";
			};
			name = Debug;
		};
		D6B722F31DC9D29D002BFCE3 /* Release */ = {
			isa = XCBuildConfiguration;
			buildSettings = {
				ALWAYS_SEARCH_USER_PATHS = NO;
				CLANG_ANALYZER_NONNULL = YES;
				CLANG_CXX_LANGUAGE_STANDARD = "gnu++0x";
				CLANG_CXX_LIBRARY = "libc++";
				CLANG_ENABLE_MODULES = YES;
				CLANG_ENABLE_OBJC_ARC = YES;
				CLANG_WARN_BOOL_CONVERSION = YES;
				CLANG_WARN_CONSTANT_CONVERSION = YES;
				CLANG_WARN_DIRECT_OBJC_ISA_USAGE = YES_ERROR;
				CLANG_WARN_DOCUMENTATION_COMMENTS = YES;
				CLANG_WARN_EMPTY_BODY = YES;
				CLANG_WARN_ENUM_CONVERSION = YES;
				CLANG_WARN_INFINITE_RECURSION = YES;
				CLANG_WARN_INT_CONVERSION = YES;
				CLANG_WARN_OBJC_ROOT_CLASS = YES_ERROR;
				CLANG_WARN_SUSPICIOUS_MOVES = YES;
				CLANG_WARN_UNREACHABLE_CODE = YES;
				CLANG_WARN__DUPLICATE_METHOD_MATCH = YES;
				"CODE_SIGN_IDENTITY[sdk=iphoneos*]" = "iPhone Developer";
				COPY_PHASE_STRIP = NO;
				DEBUG_INFORMATION_FORMAT = "dwarf-with-dsym";
				ENABLE_NS_ASSERTIONS = NO;
				ENABLE_STRICT_OBJC_MSGSEND = YES;
				GCC_C_LANGUAGE_STANDARD = gnu99;
				GCC_NO_COMMON_BLOCKS = YES;
				GCC_WARN_64_TO_32_BIT_CONVERSION = YES;
				GCC_WARN_ABOUT_RETURN_TYPE = YES_ERROR;
				GCC_WARN_UNDECLARED_SELECTOR = YES;
				GCC_WARN_UNINITIALIZED_AUTOS = YES_AGGRESSIVE;
				GCC_WARN_UNUSED_FUNCTION = YES;
				GCC_WARN_UNUSED_VARIABLE = YES;
				IPHONEOS_DEPLOYMENT_TARGET = 10.1;
				MTL_ENABLE_DEBUG_INFO = NO;
				SDKROOT = iphoneos;
				SWIFT_OPTIMIZATION_LEVEL = "-Owholemodule";
				VALIDATE_PRODUCT = YES;
			};
			name = Release;
		};
		D6B722F51DC9D29D002BFCE3 /* Debug */ = {
			isa = XCBuildConfiguration;
			buildSettings = {
				ASSETCATALOG_COMPILER_APPICON_NAME = AppIcon;
				DEVELOPMENT_TEAM = 3TQS7A8S7H;
				INFOPLIST_FILE = "06-FZHBlurred/Info.plist";
				LD_RUNPATH_SEARCH_PATHS = "$(inherited) @executable_path/Frameworks";
				PRODUCT_BUNDLE_IDENTIFIER = "com.fengzhihao.-6-FZHBlurred";
				PRODUCT_NAME = "$(TARGET_NAME)";
				SWIFT_VERSION = 3.0;
			};
			name = Debug;
		};
		D6B722F61DC9D29D002BFCE3 /* Release */ = {
			isa = XCBuildConfiguration;
			buildSettings = {
				ASSETCATALOG_COMPILER_APPICON_NAME = AppIcon;
				DEVELOPMENT_TEAM = 3TQS7A8S7H;
				INFOPLIST_FILE = "06-FZHBlurred/Info.plist";
				LD_RUNPATH_SEARCH_PATHS = "$(inherited) @executable_path/Frameworks";
				PRODUCT_BUNDLE_IDENTIFIER = "com.fengzhihao.-6-FZHBlurred";
				PRODUCT_NAME = "$(TARGET_NAME)";
				SWIFT_VERSION = 3.0;
			};
			name = Release;
		};
		D6B722F81DC9D29D002BFCE3 /* Debug */ = {
			isa = XCBuildConfiguration;
			buildSettings = {
				ALWAYS_EMBED_SWIFT_STANDARD_LIBRARIES = YES;
				BUNDLE_LOADER = "$(TEST_HOST)";
				DEVELOPMENT_TEAM = 3TQS7A8S7H;
				INFOPLIST_FILE = "06-FZHBlurredTests/Info.plist";
				LD_RUNPATH_SEARCH_PATHS = "$(inherited) @executable_path/Frameworks @loader_path/Frameworks";
				PRODUCT_BUNDLE_IDENTIFIER = "com.fengzhihao.-6-FZHBlurredTests";
				PRODUCT_NAME = "$(TARGET_NAME)";
				SWIFT_VERSION = 3.0;
				TEST_HOST = "$(BUILT_PRODUCTS_DIR)/06-FZHBlurred.app/06-FZHBlurred";
			};
			name = Debug;
		};
		D6B722F91DC9D29D002BFCE3 /* Release */ = {
			isa = XCBuildConfiguration;
			buildSettings = {
				ALWAYS_EMBED_SWIFT_STANDARD_LIBRARIES = YES;
				BUNDLE_LOADER = "$(TEST_HOST)";
				DEVELOPMENT_TEAM = 3TQS7A8S7H;
				INFOPLIST_FILE = "06-FZHBlurredTests/Info.plist";
				LD_RUNPATH_SEARCH_PATHS = "$(inherited) @executable_path/Frameworks @loader_path/Frameworks";
				PRODUCT_BUNDLE_IDENTIFIER = "com.fengzhihao.-6-FZHBlurredTests";
				PRODUCT_NAME = "$(TARGET_NAME)";
				SWIFT_VERSION = 3.0;
				TEST_HOST = "$(BUILT_PRODUCTS_DIR)/06-FZHBlurred.app/06-FZHBlurred";
			};
			name = Release;
		};
		D6B722FB1DC9D29D002BFCE3 /* Debug */ = {
			isa = XCBuildConfiguration;
			buildSettings = {
				ALWAYS_EMBED_SWIFT_STANDARD_LIBRARIES = YES;
				DEVELOPMENT_TEAM = 3TQS7A8S7H;
				INFOPLIST_FILE = "06-FZHBlurredUITests/Info.plist";
				LD_RUNPATH_SEARCH_PATHS = "$(inherited) @executable_path/Frameworks @loader_path/Frameworks";
				PRODUCT_BUNDLE_IDENTIFIER = "com.fengzhihao.-6-FZHBlurredUITests";
				PRODUCT_NAME = "$(TARGET_NAME)";
				SWIFT_VERSION = 3.0;
				TEST_TARGET_NAME = "06-FZHBlurred";
			};
			name = Debug;
		};
		D6B722FC1DC9D29D002BFCE3 /* Release */ = {
			isa = XCBuildConfiguration;
			buildSettings = {
				ALWAYS_EMBED_SWIFT_STANDARD_LIBRARIES = YES;
				DEVELOPMENT_TEAM = 3TQS7A8S7H;
				INFOPLIST_FILE = "06-FZHBlurredUITests/Info.plist";
				LD_RUNPATH_SEARCH_PATHS = "$(inherited) @executable_path/Frameworks @loader_path/Frameworks";
				PRODUCT_BUNDLE_IDENTIFIER = "com.fengzhihao.-6-FZHBlurredUITests";
				PRODUCT_NAME = "$(TARGET_NAME)";
				SWIFT_VERSION = 3.0;
				TEST_TARGET_NAME = "06-FZHBlurred";
			};
			name = Release;
		};
/* End XCBuildConfiguration section */

/* Begin XCConfigurationList section */
		D6B722C71DC9D29D002BFCE3 /* Build configuration list for PBXProject "06-FZHBlurred" */ = {
			isa = XCConfigurationList;
			buildConfigurations = (
				D6B722F21DC9D29D002BFCE3 /* Debug */,
				D6B722F31DC9D29D002BFCE3 /* Release */,
			);
			defaultConfigurationIsVisible = 0;
			defaultConfigurationName = Release;
		};
		D6B722F41DC9D29D002BFCE3 /* Build configuration list for PBXNativeTarget "06-FZHBlurred" */ = {
			isa = XCConfigurationList;
			buildConfigurations = (
				D6B722F51DC9D29D002BFCE3 /* Debug */,
				D6B722F61DC9D29D002BFCE3 /* Release */,
			);
			defaultConfigurationIsVisible = 0;
		};
		D6B722F71DC9D29D002BFCE3 /* Build configuration list for PBXNativeTarget "06-FZHBlurredTests" */ = {
			isa = XCConfigurationList;
			buildConfigurations = (
				D6B722F81DC9D29D002BFCE3 /* Debug */,
				D6B722F91DC9D29D002BFCE3 /* Release */,
			);
			defaultConfigurationIsVisible = 0;
		};
		D6B722FA1DC9D29D002BFCE3 /* Build configuration list for PBXNativeTarget "06-FZHBlurredUITests" */ = {
			isa = XCConfigurationList;
			buildConfigurations = (
				D6B722FB1DC9D29D002BFCE3 /* Debug */,
				D6B722FC1DC9D29D002BFCE3 /* Release */,
			);
			defaultConfigurationIsVisible = 0;
		};
/* End XCConfigurationList section */
	};
	rootObject = D6B722C41DC9D29D002BFCE3 /* Project object */;
}
