// !$*UTF8*$!
{
	archiveVersion = 1;
	classes = {
	};
	objectVersion = 46;
	objects = {

/* Begin PBXBuildFile section */
		D690197F1D58052000E4F95F /* AppDelegate.swift in Sources */ = {isa = PBXBuildFile; fileRef = D690197E1D58052000E4F95F /* AppDelegate.swift */; };
		D69019811D58052000E4F95F /* ViewController.swift in Sources */ = {isa = PBXBuildFile; fileRef = D69019801D58052000E4F95F /* ViewController.swift */; };
		D69019841D58052000E4F95F /* Main.storyboard in Resources */ = {isa = PBXBuildFile; fileRef = D69019821D58052000E4F95F /* Main.storyboard */; };
		D69019861D58052000E4F95F /* Assets.xcassets in Resources */ = {isa = PBXBuildFile; fileRef = D69019851D58052000E4F95F /* Assets.xcassets */; };
		D69019891D58052000E4F95F /* LaunchScreen.storyboard in Resources */ = {isa = PBXBuildFile; fileRef = D69019871D58052000E4F95F /* LaunchScreen.storyboard */; };
		D69019941D58052000E4F95F /* _2_FZHDeleteCells_Swift_Tests.swift in Sources */ = {isa = PBXBuildFile; fileRef = D69019931D58052000E4F95F /* _2_FZHDeleteCells_Swift_Tests.swift */; };
		D690199F1D58052000E4F95F /* _2_FZHDeleteCells_Swift_UITests.swift in Sources */ = {isa = PBXBuildFile; fileRef = D690199E1D58052000E4F95F /* _2_FZHDeleteCells_Swift_UITests.swift */; };
/* End PBXBuildFile section */

/* Begin PBXContainerItemProxy section */
		D69019901D58052000E4F95F /* PBXContainerItemProxy */ = {
			isa = PBXContainerItemProxy;
			containerPortal = D69019731D58051F00E4F95F /* Project object */;
			proxyType = 1;
			remoteGlobalIDString = D690197A1D58051F00E4F95F;
			remoteInfo = "02-FZHDeleteCells(Swift)";
		};
		D690199B1D58052000E4F95F /* PBXContainerItemProxy */ = {
			isa = PBXContainerItemProxy;
			containerPortal = D69019731D58051F00E4F95F /* Project object */;
			proxyType = 1;
			remoteGlobalIDString = D690197A1D58051F00E4F95F;
			remoteInfo = "02-FZHDeleteCells(Swift)";
		};
/* End PBXContainerItemProxy section */

/* Begin PBXFileReference section */
		D690197B1D58051F00E4F95F /* 02-FZHDeleteCells(Swift).app */ = {isa = PBXFileReference; explicitFileType = wrapper.application; includeInIndex = 0; path = "02-FZHDeleteCells(Swift).app"; sourceTree = BUILT_PRODUCTS_DIR; };
		D690197E1D58052000E4F95F /* AppDelegate.swift */ = {isa = PBXFileReference; lastKnownFileType = sourcecode.swift; path = AppDelegate.swift; sourceTree = "<group>"; };
		D69019801D58052000E4F95F /* ViewController.swift */ = {isa = PBXFileReference; lastKnownFileType = sourcecode.swift; path = ViewController.swift; sourceTree = "<group>"; };
		D69019831D58052000E4F95F /* Base */ = {isa = PBXFileReference; lastKnownFileType = file.storyboard; name = Base; path = Base.lproj/Main.storyboard; sourceTree = "<group>"; };
		D69019851D58052000E4F95F /* Assets.xcassets */ = {isa = PBXFileReference; lastKnownFileType = folder.assetcatalog; path = Assets.xcassets; sourceTree = "<group>"; };
		D69019881D58052000E4F95F /* Base */ = {isa = PBXFileReference; lastKnownFileType = file.storyboard; name = Base; path = Base.lproj/LaunchScreen.storyboard; sourceTree = "<group>"; };
		D690198A1D58052000E4F95F /* Info.plist */ = {isa = PBXFileReference; lastKnownFileType = text.plist.xml; path = Info.plist; sourceTree = "<group>"; };
		D690198F1D58052000E4F95F /* 02-FZHDeleteCells(Swift)Tests.xctest */ = {isa = PBXFileReference; explicitFileType = wrapper.cfbundle; includeInIndex = 0; path = "02-FZHDeleteCells(Swift)Tests.xctest"; sourceTree = BUILT_PRODUCTS_DIR; };
		D69019931D58052000E4F95F /* _2_FZHDeleteCells_Swift_Tests.swift */ = {isa = PBXFileReference; lastKnownFileType = sourcecode.swift; path = _2_FZHDeleteCells_Swift_Tests.swift; sourceTree = "<group>"; };
		D69019951D58052000E4F95F /* Info.plist */ = {isa = PBXFileReference; lastKnownFileType = text.plist.xml; path = Info.plist; sourceTree = "<group>"; };
		D690199A1D58052000E4F95F /* 02-FZHDeleteCells(Swift)UITests.xctest */ = {isa = PBXFileReference; explicitFileType = wrapper.cfbundle; includeInIndex = 0; path = "02-FZHDeleteCells(Swift)UITests.xctest"; sourceTree = BUILT_PRODUCTS_DIR; };
		D690199E1D58052000E4F95F /* _2_FZHDeleteCells_Swift_UITests.swift */ = {isa = PBXFileReference; lastKnownFileType = sourcecode.swift; path = _2_FZHDeleteCells_Swift_UITests.swift; sourceTree = "<group>"; };
		D69019A01D58052000E4F95F /* Info.plist */ = {isa = PBXFileReference; lastKnownFileType = text.plist.xml; path = Info.plist; sourceTree = "<group>"; };
/* End PBXFileReference section */

/* Begin PBXFrameworksBuildPhase section */
		D69019781D58051F00E4F95F /* Frameworks */ = {
			isa = PBXFrameworksBuildPhase;
			buildActionMask = 2147483647;
			files = (
			);
			runOnlyForDeploymentPostprocessing = 0;
		};
		D690198C1D58052000E4F95F /* Frameworks */ = {
			isa = PBXFrameworksBuildPhase;
			buildActionMask = 2147483647;
			files = (
			);
			runOnlyForDeploymentPostprocessing = 0;
		};
		D69019971D58052000E4F95F /* Frameworks */ = {
			isa = PBXFrameworksBuildPhase;
			buildActionMask = 2147483647;
			files = (
			);
			runOnlyForDeploymentPostprocessing = 0;
		};
/* End PBXFrameworksBuildPhase section */

/* Begin PBXGroup section */
		D69019721D58051F00E4F95F = {
			isa = PBXGroup;
			children = (
				D690197D1D58052000E4F95F /* 02-FZHDeleteCells(Swift) */,
				D69019921D58052000E4F95F /* 02-FZHDeleteCells(Swift)Tests */,
				D690199D1D58052000E4F95F /* 02-FZHDeleteCells(Swift)UITests */,
				D690197C1D58051F00E4F95F /* Products */,
			);
			sourceTree = "<group>";
		};
		D690197C1D58051F00E4F95F /* Products */ = {
			isa = PBXGroup;
			children = (
				D690197B1D58051F00E4F95F /* 02-FZHDeleteCells(Swift).app */,
				D690198F1D58052000E4F95F /* 02-FZHDeleteCells(Swift)Tests.xctest */,
				D690199A1D58052000E4F95F /* 02-FZHDeleteCells(Swift)UITests.xctest */,
			);
			name = Products;
			sourceTree = "<group>";
		};
		D690197D1D58052000E4F95F /* 02-FZHDeleteCells(Swift) */ = {
			isa = PBXGroup;
			children = (
				D690197E1D58052000E4F95F /* AppDelegate.swift */,
				D69019801D58052000E4F95F /* ViewController.swift */,
				D69019821D58052000E4F95F /* Main.storyboard */,
				D69019851D58052000E4F95F /* Assets.xcassets */,
				D69019871D58052000E4F95F /* LaunchScreen.storyboard */,
				D690198A1D58052000E4F95F /* Info.plist */,
			);
			path = "02-FZHDeleteCells(Swift)";
			sourceTree = "<group>";
		};
		D69019921D58052000E4F95F /* 02-FZHDeleteCells(Swift)Tests */ = {
			isa = PBXGroup;
			children = (
				D69019931D58052000E4F95F /* _2_FZHDeleteCells_Swift_Tests.swift */,
				D69019951D58052000E4F95F /* Info.plist */,
			);
			path = "02-FZHDeleteCells(Swift)Tests";
			sourceTree = "<group>";
		};
		D690199D1D58052000E4F95F /* 02-FZHDeleteCells(Swift)UITests */ = {
			isa = PBXGroup;
			children = (
				D690199E1D58052000E4F95F /* _2_FZHDeleteCells_Swift_UITests.swift */,
				D69019A01D58052000E4F95F /* Info.plist */,
			);
			path = "02-FZHDeleteCells(Swift)UITests";
			sourceTree = "<group>";
		};
/* End PBXGroup section */

/* Begin PBXNativeTarget section */
		D690197A1D58051F00E4F95F /* 02-FZHDeleteCells(Swift) */ = {
			isa = PBXNativeTarget;
			buildConfigurationList = D69019A31D58052000E4F95F /* Build configuration list for PBXNativeTarget "02-FZHDeleteCells(Swift)" */;
			buildPhases = (
				D69019771D58051F00E4F95F /* Sources */,
				D69019781D58051F00E4F95F /* Frameworks */,
				D69019791D58051F00E4F95F /* Resources */,
			);
			buildRules = (
			);
			dependencies = (
			);
			name = "02-FZHDeleteCells(Swift)";
			productName = "02-FZHDeleteCells(Swift)";
			productReference = D690197B1D58051F00E4F95F /* 02-FZHDeleteCells(Swift).app */;
			productType = "com.apple.product-type.application";
		};
		D690198E1D58052000E4F95F /* 02-FZHDeleteCells(Swift)Tests */ = {
			isa = PBXNativeTarget;
			buildConfigurationList = D69019A61D58052000E4F95F /* Build configuration list for PBXNativeTarget "02-FZHDeleteCells(Swift)Tests" */;
			buildPhases = (
				D690198B1D58052000E4F95F /* Sources */,
				D690198C1D58052000E4F95F /* Frameworks */,
				D690198D1D58052000E4F95F /* Resources */,
			);
			buildRules = (
			);
			dependencies = (
				D69019911D58052000E4F95F /* PBXTargetDependency */,
			);
			name = "02-FZHDeleteCells(Swift)Tests";
			productName = "02-FZHDeleteCells(Swift)Tests";
			productReference = D690198F1D58052000E4F95F /* 02-FZHDeleteCells(Swift)Tests.xctest */;
			productType = "com.apple.product-type.bundle.unit-test";
		};
		D69019991D58052000E4F95F /* 02-FZHDeleteCells(Swift)UITests */ = {
			isa = PBXNativeTarget;
			buildConfigurationList = D69019A91D58052000E4F95F /* Build configuration list for PBXNativeTarget "02-FZHDeleteCells(Swift)UITests" */;
			buildPhases = (
				D69019961D58052000E4F95F /* Sources */,
				D69019971D58052000E4F95F /* Frameworks */,
				D69019981D58052000E4F95F /* Resources */,
			);
			buildRules = (
			);
			dependencies = (
				D690199C1D58052000E4F95F /* PBXTargetDependency */,
			);
			name = "02-FZHDeleteCells(Swift)UITests";
			productName = "02-FZHDeleteCells(Swift)UITests";
			productReference = D690199A1D58052000E4F95F /* 02-FZHDeleteCells(Swift)UITests.xctest */;
			productType = "com.apple.product-type.bundle.ui-testing";
		};
/* End PBXNativeTarget section */

/* Begin PBXProject section */
		D69019731D58051F00E4F95F /* Project object */ = {
			isa = PBXProject;
			attributes = {
				LastSwiftUpdateCheck = 0730;
				LastUpgradeCheck = 0730;
				ORGANIZATIONNAME = FZH;
				TargetAttributes = {
					D690197A1D58051F00E4F95F = {
						CreatedOnToolsVersion = 7.3;
					};
					D690198E1D58052000E4F95F = {
						CreatedOnToolsVersion = 7.3;
						TestTargetID = D690197A1D58051F00E4F95F;
					};
					D69019991D58052000E4F95F = {
						CreatedOnToolsVersion = 7.3;
						TestTargetID = D690197A1D58051F00E4F95F;
					};
				};
			};
			buildConfigurationList = D69019761D58051F00E4F95F /* Build configuration list for PBXProject "02-FZHDeleteCells(Swift)" */;
			compatibilityVersion = "Xcode 3.2";
			developmentRegion = English;
			hasScannedForEncodings = 0;
			knownRegions = (
				en,
				Base,
			);
			mainGroup = D69019721D58051F00E4F95F;
			productRefGroup = D690197C1D58051F00E4F95F /* Products */;
			projectDirPath = "";
			projectRoot = "";
			targets = (
				D690197A1D58051F00E4F95F /* 02-FZHDeleteCells(Swift) */,
				D690198E1D58052000E4F95F /* 02-FZHDeleteCells(Swift)Tests */,
				D69019991D58052000E4F95F /* 02-FZHDeleteCells(Swift)UITests */,
			);
		};
/* End PBXProject section */

/* Begin PBXResourcesBuildPhase section */
		D69019791D58051F00E4F95F /* Resources */ = {
			isa = PBXResourcesBuildPhase;
			buildActionMask = 2147483647;
			files = (
				D69019891D58052000E4F95F /* LaunchScreen.storyboard in Resources */,
				D69019861D58052000E4F95F /* Assets.xcassets in Resources */,
				D69019841D58052000E4F95F /* Main.storyboard in Resources */,
			);
			runOnlyForDeploymentPostprocessing = 0;
		};
		D690198D1D58052000E4F95F /* Resources */ = {
			isa = PBXResourcesBuildPhase;
			buildActionMask = 2147483647;
			files = (
			);
			runOnlyForDeploymentPostprocessing = 0;
		};
		D69019981D58052000E4F95F /* Resources */ = {
			isa = PBXResourcesBuildPhase;
			buildActionMask = 2147483647;
			files = (
			);
			runOnlyForDeploymentPostprocessing = 0;
		};
/* End PBXResourcesBuildPhase section */

/* Begin PBXSourcesBuildPhase section */
		D69019771D58051F00E4F95F /* Sources */ = {
			isa = PBXSourcesBuildPhase;
			buildActionMask = 2147483647;
			files = (
				D69019811D58052000E4F95F /* ViewController.swift in Sources */,
				D690197F1D58052000E4F95F /* AppDelegate.swift in Sources */,
			);
			runOnlyForDeploymentPostprocessing = 0;
		};
		D690198B1D58052000E4F95F /* Sources */ = {
			isa = PBXSourcesBuildPhase;
			buildActionMask = 2147483647;
			files = (
				D69019941D58052000E4F95F /* _2_FZHDeleteCells_Swift_Tests.swift in Sources */,
			);
			runOnlyForDeploymentPostprocessing = 0;
		};
		D69019961D58052000E4F95F /* Sources */ = {
			isa = PBXSourcesBuildPhase;
			buildActionMask = 2147483647;
			files = (
				D690199F1D58052000E4F95F /* _2_FZHDeleteCells_Swift_UITests.swift in Sources */,
			);
			runOnlyForDeploymentPostprocessing = 0;
		};
/* End PBXSourcesBuildPhase section */

/* Begin PBXTargetDependency section */
		D69019911D58052000E4F95F /* PBXTargetDependency */ = {
			isa = PBXTargetDependency;
			target = D690197A1D58051F00E4F95F /* 02-FZHDeleteCells(Swift) */;
			targetProxy = D69019901D58052000E4F95F /* PBXContainerItemProxy */;
		};
		D690199C1D58052000E4F95F /* PBXTargetDependency */ = {
			isa = PBXTargetDependency;
			target = D690197A1D58051F00E4F95F /* 02-FZHDeleteCells(Swift) */;
			targetProxy = D690199B1D58052000E4F95F /* PBXContainerItemProxy */;
		};
/* End PBXTargetDependency section */

/* Begin PBXVariantGroup section */
		D69019821D58052000E4F95F /* Main.storyboard */ = {
			isa = PBXVariantGroup;
			children = (
				D69019831D58052000E4F95F /* Base */,
			);
			name = Main.storyboard;
			sourceTree = "<group>";
		};
		D69019871D58052000E4F95F /* LaunchScreen.storyboard */ = {
			isa = PBXVariantGroup;
			children = (
				D69019881D58052000E4F95F /* Base */,
			);
			name = LaunchScreen.storyboard;
			sourceTree = "<group>";
		};
/* End PBXVariantGroup section */

/* Begin XCBuildConfiguration section */
		D69019A11D58052000E4F95F /* Debug */ = {
			isa = XCBuildConfiguration;
			buildSettings = {
				ALWAYS_SEARCH_USER_PATHS = NO;
				CLANG_ANALYZER_NONNULL = YES;
				CLANG_CXX_LANGUAGE_STANDARD = "gnu++0x";
				CLANG_CXX_LIBRARY = "libc++";
				CLANG_ENABLE_MODULES = YES;
				CLANG_ENABLE_OBJC_ARC = YES;
				CLANG_WARN_BOOL_CONVERSION = YES;
				CLANG_WARN_CONSTANT_CONVERSION = YES;
				CLANG_WARN_DIRECT_OBJC_ISA_USAGE = YES_ERROR;
				CLANG_WARN_EMPTY_BODY = YES;
				CLANG_WARN_ENUM_CONVERSION = YES;
				CLANG_WARN_INT_CONVERSION = YES;
				CLANG_WARN_OBJC_ROOT_CLASS = YES_ERROR;
				CLANG_WARN_UNREACHABLE_CODE = YES;
				CLANG_WARN__DUPLICATE_METHOD_MATCH = YES;
				"CODE_SIGN_IDENTITY[sdk=iphoneos*]" = "iPhone Developer";
				COPY_PHASE_STRIP = NO;
				DEBUG_INFORMATION_FORMAT = dwarf;
				ENABLE_STRICT_OBJC_MSGSEND = YES;
				ENABLE_TESTABILITY = YES;
				GCC_C_LANGUAGE_STANDARD = gnu99;
				GCC_DYNAMIC_NO_PIC = NO;
				GCC_NO_COMMON_BLOCKS = YES;
				GCC_OPTIMIZATION_LEVEL = 0;
				GCC_PREPROCESSOR_DEFINITIONS = (
					"DEBUG=1",
					"$(inherited)",
				);
				GCC_WARN_64_TO_32_BIT_CONVERSION = YES;
				GCC_WARN_ABOUT_RETURN_TYPE = YES_ERROR;
				GCC_WARN_UNDECLARED_SELECTOR = YES;
				GCC_WARN_UNINITIALIZED_AUTOS = YES_AGGRESSIVE;
				GCC_WARN_UNUSED_FUNCTION = YES;
				GCC_WARN_UNUSED_VARIABLE = YES;
				IPHONEOS_DEPLOYMENT_TARGET = 9.3;
				MTL_ENABLE_DEBUG_INFO = YES;
				ONLY_ACTIVE_ARCH = YES;
				SDKROOT = iphoneos;
				SWIFT_OPTIMIZATION_LEVEL = "-Onone";
			};
			name = Debug;
		};
		D69019A21D58052000E4F95F /* Release */ = {
			isa = XCBuildConfiguration;
			buildSettings = {
				ALWAYS_SEARCH_USER_PATHS = NO;
				CLANG_ANALYZER_NONNULL = YES;
				CLANG_CXX_LANGUAGE_STANDARD = "gnu++0x";
				CLANG_CXX_LIBRARY = "libc++";
				CLANG_ENABLE_MODULES = YES;
				CLANG_ENABLE_OBJC_ARC = YES;
				CLANG_WARN_BOOL_CONVERSION = YES;
				CLANG_WARN_CONSTANT_CONVERSION = YES;
				CLANG_WARN_DIRECT_OBJC_ISA_USAGE = YES_ERROR;
				CLANG_WARN_EMPTY_BODY = YES;
				CLANG_WARN_ENUM_CONVERSION = YES;
				CLANG_WARN_INT_CONVERSION = YES;
				CLANG_WARN_OBJC_ROOT_CLASS = YES_ERROR;
				CLANG_WARN_UNREACHABLE_CODE = YES;
				CLANG_WARN__DUPLICATE_METHOD_MATCH = YES;
				"CODE_SIGN_IDENTITY[sdk=iphoneos*]" = "iPhone Developer";
				COPY_PHASE_STRIP = NO;
				DEBUG_INFORMATION_FORMAT = "dwarf-with-dsym";
				ENABLE_NS_ASSERTIONS = NO;
				ENABLE_STRICT_OBJC_MSGSEND = YES;
				GCC_C_LANGUAGE_STANDARD = gnu99;
				GCC_NO_COMMON_BLOCKS = YES;
				GCC_WARN_64_TO_32_BIT_CONVERSION = YES;
				GCC_WARN_ABOUT_RETURN_TYPE = YES_ERROR;
				GCC_WARN_UNDECLARED_SELECTOR = YES;
				GCC_WARN_UNINITIALIZED_AUTOS = YES_AGGRESSIVE;
				GCC_WARN_UNUSED_FUNCTION = YES;
				GCC_WARN_UNUSED_VARIABLE = YES;
				IPHONEOS_DEPLOYMENT_TARGET = 9.3;
				MTL_ENABLE_DEBUG_INFO = NO;
				SDKROOT = iphoneos;
				VALIDATE_PRODUCT = YES;
			};
			name = Release;
		};
		D69019A41D58052000E4F95F /* Debug */ = {
			isa = XCBuildConfiguration;
			buildSettings = {
				ASSETCATALOG_COMPILER_APPICON_NAME = AppIcon;
				INFOPLIST_FILE = "02-FZHDeleteCells(Swift)/Info.plist";
				LD_RUNPATH_SEARCH_PATHS = "$(inherited) @executable_path/Frameworks";
				PRODUCT_BUNDLE_IDENTIFIER = "com.fengzhihao.-2-FZHDeleteCells-Swift-";
				PRODUCT_NAME = "$(TARGET_NAME)";
			};
			name = Debug;
		};
		D69019A51D58052000E4F95F /* Release */ = {
			isa = XCBuildConfiguration;
			buildSettings = {
				ASSETCATALOG_COMPILER_APPICON_NAME = AppIcon;
				INFOPLIST_FILE = "02-FZHDeleteCells(Swift)/Info.plist";
				LD_RUNPATH_SEARCH_PATHS = "$(inherited) @executable_path/Frameworks";
				PRODUCT_BUNDLE_IDENTIFIER = "com.fengzhihao.-2-FZHDeleteCells-Swift-";
				PRODUCT_NAME = "$(TARGET_NAME)";
			};
			name = Release;
		};
		D69019A71D58052000E4F95F /* Debug */ = {
			isa = XCBuildConfiguration;
			buildSettings = {
				BUNDLE_LOADER = "$(TEST_HOST)";
				INFOPLIST_FILE = "02-FZHDeleteCells(Swift)Tests/Info.plist";
				LD_RUNPATH_SEARCH_PATHS = "$(inherited) @executable_path/Frameworks @loader_path/Frameworks";
				PRODUCT_BUNDLE_IDENTIFIER = "com.fengzhihao.-2-FZHDeleteCells-Swift-Tests";
				PRODUCT_NAME = "$(TARGET_NAME)";
				TEST_HOST = "$(BUILT_PRODUCTS_DIR)/02-FZHDeleteCells(Swift).app/02-FZHDeleteCells(Swift)";
			};
			name = Debug;
		};
		D69019A81D58052000E4F95F /* Release */ = {
			isa = XCBuildConfiguration;
			buildSettings = {
				BUNDLE_LOADER = "$(TEST_HOST)";
				INFOPLIST_FILE = "02-FZHDeleteCells(Swift)Tests/Info.plist";
				LD_RUNPATH_SEARCH_PATHS = "$(inherited) @executable_path/Frameworks @loader_path/Frameworks";
				PRODUCT_BUNDLE_IDENTIFIER = "com.fengzhihao.-2-FZHDeleteCells-Swift-Tests";
				PRODUCT_NAME = "$(TARGET_NAME)";
				TEST_HOST = "$(BUILT_PRODUCTS_DIR)/02-FZHDeleteCells(Swift).app/02-FZHDeleteCells(Swift)";
			};
			name = Release;
		};
		D69019AA1D58052000E4F95F /* Debug */ = {
			isa = XCBuildConfiguration;
			buildSettings = {
				INFOPLIST_FILE = "02-FZHDeleteCells(Swift)UITests/Info.plist";
				LD_RUNPATH_SEARCH_PATHS = "$(inherited) @executable_path/Frameworks @loader_path/Frameworks";
				PRODUCT_BUNDLE_IDENTIFIER = "com.fengzhihao.-2-FZHDeleteCells-Swift-UITests";
				PRODUCT_NAME = "$(TARGET_NAME)";
				TEST_TARGET_NAME = "02-FZHDeleteCells(Swift)";
			};
			name = Debug;
		};
		D69019AB1D58052000E4F95F /* Release */ = {
			isa = XCBuildConfiguration;
			buildSettings = {
				INFOPLIST_FILE = "02-FZHDeleteCells(Swift)UITests/Info.plist";
				LD_RUNPATH_SEARCH_PATHS = "$(inherited) @executable_path/Frameworks @loader_path/Frameworks";
				PRODUCT_BUNDLE_IDENTIFIER = "com.fengzhihao.-2-FZHDeleteCells-Swift-UITests";
				PRODUCT_NAME = "$(TARGET_NAME)";
				TEST_TARGET_NAME = "02-FZHDeleteCells(Swift)";
			};
			name = Release;
		};
/* End XCBuildConfiguration section */

/* Begin XCConfigurationList section */
		D69019761D58051F00E4F95F /* Build configuration list for PBXProject "02-FZHDeleteCells(Swift)" */ = {
			isa = XCConfigurationList;
			buildConfigurations = (
				D69019A11D58052000E4F95F /* Debug */,
				D69019A21D58052000E4F95F /* Release */,
			);
			defaultConfigurationIsVisible = 0;
			defaultConfigurationName = Release;
		};
		D69019A31D58052000E4F95F /* Build configuration list for PBXNativeTarget "02-FZHDeleteCells(Swift)" */ = {
			isa = XCConfigurationList;
			buildConfigurations = (
				D69019A41D58052000E4F95F /* Debug */,
				D69019A51D58052000E4F95F /* Release */,
			);
			defaultConfigurationIsVisible = 0;
		};
		D69019A61D58052000E4F95F /* Build configuration list for PBXNativeTarget "02-FZHDeleteCells(Swift)Tests" */ = {
			isa = XCConfigurationList;
			buildConfigurations = (
				D69019A71D58052000E4F95F /* Debug */,
				D69019A81D58052000E4F95F /* Release */,
			);
			defaultConfigurationIsVisible = 0;
		};
		D69019A91D58052000E4F95F /* Build configuration list for PBXNativeTarget "02-FZHDeleteCells(Swift)UITests" */ = {
			isa = XCConfigurationList;
			buildConfigurations = (
				D69019AA1D58052000E4F95F /* Debug */,
				D69019AB1D58052000E4F95F /* Release */,
			);
			defaultConfigurationIsVisible = 0;
		};
/* End XCConfigurationList section */
	};
	rootObject = D69019731D58051F00E4F95F /* Project object */;
}
